
Microsoft Visual Studio Solution File, Format Version 12.00
# Visual Studio Version 17
VisualStudioVersion = 17.3.32922.545
MinimumVisualStudioVersion = 10.0.40219.1
Project("{FAE04EC0-301F-11D3-BF4B-00C04F79EFBC}") = "task01_MathOperation", "task01_MathOperation\task01_MathOperation.csproj", "{92323E2E-12D8-482A-AB5B-19B989FBC631}"
EndProject
Project("{FAE04EC0-301F-11D3-BF4B-00C04F79EFBC}") = "task02_Animals", "task02_Animals\task02_Animals.csproj", "{FDA919BF-6994-43F3-B115-1C43A760B0CD}"
EndProject
Global
	GlobalSection(SolutionConfigurationPlatforms) = preSolution
		Debug|Any CPU = Debug|Any CPU
		Release|Any CPU = Release|Any CPU
	EndGlobalSection
	GlobalSection(ProjectConfigurationPlatforms) = postSolution
		{92323E2E-12D8-482A-AB5B-19B989FBC631}.Debug|Any CPU.ActiveCfg = Debug|Any CPU
		{92323E2E-12D8-482A-AB5B-19B989FBC631}.Debug|Any CPU.Build.0 = Debug|Any CPU
		{92323E2E-12D8-482A-AB5B-19B989FBC631}.Release|Any CPU.ActiveCfg = Release|Any CPU
		{92323E2E-12D8-482A-AB5B-19B989FBC631}.Release|Any CPU.Build.0 = Release|Any CPU
		{FDA919BF-6994-43F3-B115-1C43A760B0CD}.Debug|Any CPU.ActiveCfg = Debug|Any CPU
		{FDA919BF-6994-43F3-B115-1C43A760B0CD}.Debug|Any CPU.Build.0 = Debug|Any CPU
		{FDA919BF-6994-43F3-B115-1C43A760B0CD}.Release|Any CPU.ActiveCfg = Release|Any CPU
		{FDA919BF-6994-43F3-B115-1C43A760B0CD}.Release|Any CPU.Build.0 = Release|Any CPU
	EndGlobalSection
	GlobalSection(SolutionProperties) = preSolution
		HideSolutionNode = FALSE
	EndGlobalSection
	GlobalSection(ExtensibilityGlobals) = postSolution
		SolutionGuid = {8C3935FC-92DA-4662-AEE8-6FD6EA851E1C}
	EndGlobalSection
EndGlobal
