
Microsoft Visual Studio Solution File, Format Version 12.00
# Visual Studio Version 17
VisualStudioVersion = 17.3.32922.545
MinimumVisualStudioVersion = 10.0.40219.1
Project("{FAE04EC0-301F-11D3-BF4B-00C04F79EFBC}") = "task01_Define an Interface IPerson", "task01_Define an Interface IPerson\task01_Define an Interface IPerson.csproj", "{48A3EAFB-1711-4177-809D-668932B5FF95}"
EndProject
Project("{FAE04EC0-301F-11D3-BF4B-00C04F79EFBC}") = "task02_Multiple Implementation", "task02_Multiple Implementation\task02_Multiple Implementation.csproj", "{4051C061-5071-47B5-A271-7034DF941B0C}"
EndProject
Project("{FAE04EC0-301F-11D3-BF4B-00C04F79EFBC}") = "task03_Telephony", "task03_Telephony\task03_Telephony.csproj", "{68B57E0C-112D-41B8-8858-6AF0226DE4BD}"
EndProject
Project("{FAE04EC0-301F-11D3-BF4B-00C04F79EFBC}") = "task04_Border Control", "task04_Border Control\task04_Border Control.csproj", "{1AD904DE-8DD1-4712-8D93-358E81C20D04}"
EndProject
Global
	GlobalSection(SolutionConfigurationPlatforms) = preSolution
		Debug|Any CPU = Debug|Any CPU
		Release|Any CPU = Release|Any CPU
	EndGlobalSection
	GlobalSection(ProjectConfigurationPlatforms) = postSolution
		{48A3EAFB-1711-4177-809D-668932B5FF95}.Debug|Any CPU.ActiveCfg = Debug|Any CPU
		{48A3EAFB-1711-4177-809D-668932B5FF95}.Debug|Any CPU.Build.0 = Debug|Any CPU
		{48A3EAFB-1711-4177-809D-668932B5FF95}.Release|Any CPU.ActiveCfg = Release|Any CPU
		{48A3EAFB-1711-4177-809D-668932B5FF95}.Release|Any CPU.Build.0 = Release|Any CPU
		{4051C061-5071-47B5-A271-7034DF941B0C}.Debug|Any CPU.ActiveCfg = Debug|Any CPU
		{4051C061-5071-47B5-A271-7034DF941B0C}.Debug|Any CPU.Build.0 = Debug|Any CPU
		{4051C061-5071-47B5-A271-7034DF941B0C}.Release|Any CPU.ActiveCfg = Release|Any CPU
		{4051C061-5071-47B5-A271-7034DF941B0C}.Release|Any CPU.Build.0 = Release|Any CPU
		{68B57E0C-112D-41B8-8858-6AF0226DE4BD}.Debug|Any CPU.ActiveCfg = Debug|Any CPU
		{68B57E0C-112D-41B8-8858-6AF0226DE4BD}.Debug|Any CPU.Build.0 = Debug|Any CPU
		{68B57E0C-112D-41B8-8858-6AF0226DE4BD}.Release|Any CPU.ActiveCfg = Release|Any CPU
		{68B57E0C-112D-41B8-8858-6AF0226DE4BD}.Release|Any CPU.Build.0 = Release|Any CPU
		{1AD904DE-8DD1-4712-8D93-358E81C20D04}.Debug|Any CPU.ActiveCfg = Debug|Any CPU
		{1AD904DE-8DD1-4712-8D93-358E81C20D04}.Debug|Any CPU.Build.0 = Debug|Any CPU
		{1AD904DE-8DD1-4712-8D93-358E81C20D04}.Release|Any CPU.ActiveCfg = Release|Any CPU
		{1AD904DE-8DD1-4712-8D93-358E81C20D04}.Release|Any CPU.Build.0 = Release|Any CPU
	EndGlobalSection
	GlobalSection(SolutionProperties) = preSolution
		HideSolutionNode = FALSE
	EndGlobalSection
	GlobalSection(ExtensibilityGlobals) = postSolution
		SolutionGuid = {898D8F13-419E-4E06-9AB7-F211AAEFFF7D}
	EndGlobalSection
EndGlobal
