
Microsoft Visual Studio Solution File, Format Version 12.00
# Visual Studio Version 17
VisualStudioVersion = 17.3.32922.545
MinimumVisualStudioVersion = 10.0.40219.1
Project("{9A19103F-16F7-4668-BE54-9A1E7A4F7556}") = "task01_Define an Interface IPerson", "task01_Define an Interface IPerson\task01_Define an Interface IPerson.csproj", "{48A3EAFB-1711-4177-809D-668932B5FF95}"
EndProject
Project("{9A19103F-16F7-4668-BE54-9A1E7A4F7556}") = "task02_Multiple Implementation", "task02_Multiple Implementation\task02_Multiple Implementation.csproj", "{4051C061-5071-47B5-A271-7034DF941B0C}"
EndProject
Project("{9A19103F-16F7-4668-BE54-9A1E7A4F7556}") = "task03_Telephony", "task03_Telephony\task03_Telephony.csproj", "{68B57E0C-112D-41B8-8858-6AF0226DE4BD}"
EndProject
Project("{9A19103F-16F7-4668-BE54-9A1E7A4F7556}") = "task04_Border Control", "task04_Border Control\task04_Border Control.csproj", "{1AD904DE-8DD1-4712-8D93-358E81C20D04}"
EndProject
Project("{9A19103F-16F7-4668-BE54-9A1E7A4F7556}") = "task05_Birthday Celebrations", "task05_Birthday Celebrations\task05_Birthday Celebrations.csproj", "{52A0A39F-8EAF-4182-BAA2-82A67027216C}"
EndProject
Project("{9A19103F-16F7-4668-BE54-9A1E7A4F7556}") = "task06_Food Shortage", "task06_Food Shortage\task06_Food Shortage.csproj", "{B3EB9412-D2CE-47DC-8E08-1E6A7DB2F663}"
EndProject
Project("{9A19103F-16F7-4668-BE54-9A1E7A4F7556}") = "task07_Military Elite", "task07_Military Elite\task07_Military Elite.csproj", "{520E1A60-42E3-4F67-BCA0-E32379EDD6FC}"
EndProject
Project("{FAE04EC0-301F-11D3-BF4B-00C04F79EFBC}") = "task08_Collection Hierarchy", "task08_Collection Hierarchy\task08_Collection Hierarchy.csproj", "{05B653CE-9925-496B-96C0-372B9A5227F6}"
EndProject
Project("{FAE04EC0-301F-11D3-BF4B-00C04F79EFBC}") = "task09_Explicit Interfaces", "task09_Explicit Interfaces\task09_Explicit Interfaces.csproj", "{FBCA36F4-DCDE-48FF-B606-34F07B7779FC}"
EndProject
Global
	GlobalSection(SolutionConfigurationPlatforms) = preSolution
		Debug|Any CPU = Debug|Any CPU
		Release|Any CPU = Release|Any CPU
	EndGlobalSection
	GlobalSection(ProjectConfigurationPlatforms) = postSolution
		{48A3EAFB-1711-4177-809D-668932B5FF95}.Debug|Any CPU.ActiveCfg = Debug|Any CPU
		{48A3EAFB-1711-4177-809D-668932B5FF95}.Debug|Any CPU.Build.0 = Debug|Any CPU
		{48A3EAFB-1711-4177-809D-668932B5FF95}.Release|Any CPU.ActiveCfg = Release|Any CPU
		{48A3EAFB-1711-4177-809D-668932B5FF95}.Release|Any CPU.Build.0 = Release|Any CPU
		{4051C061-5071-47B5-A271-7034DF941B0C}.Debug|Any CPU.ActiveCfg = Debug|Any CPU
		{4051C061-5071-47B5-A271-7034DF941B0C}.Debug|Any CPU.Build.0 = Debug|Any CPU
		{4051C061-5071-47B5-A271-7034DF941B0C}.Release|Any CPU.ActiveCfg = Release|Any CPU
		{4051C061-5071-47B5-A271-7034DF941B0C}.Release|Any CPU.Build.0 = Release|Any CPU
		{68B57E0C-112D-41B8-8858-6AF0226DE4BD}.Debug|Any CPU.ActiveCfg = Debug|Any CPU
		{68B57E0C-112D-41B8-8858-6AF0226DE4BD}.Debug|Any CPU.Build.0 = Debug|Any CPU
		{68B57E0C-112D-41B8-8858-6AF0226DE4BD}.Release|Any CPU.ActiveCfg = Release|Any CPU
		{68B57E0C-112D-41B8-8858-6AF0226DE4BD}.Release|Any CPU.Build.0 = Release|Any CPU
		{1AD904DE-8DD1-4712-8D93-358E81C20D04}.Debug|Any CPU.ActiveCfg = Debug|Any CPU
		{1AD904DE-8DD1-4712-8D93-358E81C20D04}.Debug|Any CPU.Build.0 = Debug|Any CPU
		{1AD904DE-8DD1-4712-8D93-358E81C20D04}.Release|Any CPU.ActiveCfg = Release|Any CPU
		{1AD904DE-8DD1-4712-8D93-358E81C20D04}.Release|Any CPU.Build.0 = Release|Any CPU
		{52A0A39F-8EAF-4182-BAA2-82A67027216C}.Debug|Any CPU.ActiveCfg = Debug|Any CPU
		{52A0A39F-8EAF-4182-BAA2-82A67027216C}.Debug|Any CPU.Build.0 = Debug|Any CPU
		{52A0A39F-8EAF-4182-BAA2-82A67027216C}.Release|Any CPU.ActiveCfg = Release|Any CPU
		{52A0A39F-8EAF-4182-BAA2-82A67027216C}.Release|Any CPU.Build.0 = Release|Any CPU
		{B3EB9412-D2CE-47DC-8E08-1E6A7DB2F663}.Debug|Any CPU.ActiveCfg = Debug|Any CPU
		{B3EB9412-D2CE-47DC-8E08-1E6A7DB2F663}.Debug|Any CPU.Build.0 = Debug|Any CPU
		{B3EB9412-D2CE-47DC-8E08-1E6A7DB2F663}.Release|Any CPU.ActiveCfg = Release|Any CPU
		{B3EB9412-D2CE-47DC-8E08-1E6A7DB2F663}.Release|Any CPU.Build.0 = Release|Any CPU
		{520E1A60-42E3-4F67-BCA0-E32379EDD6FC}.Debug|Any CPU.ActiveCfg = Debug|Any CPU
		{520E1A60-42E3-4F67-BCA0-E32379EDD6FC}.Debug|Any CPU.Build.0 = Debug|Any CPU
		{520E1A60-42E3-4F67-BCA0-E32379EDD6FC}.Release|Any CPU.ActiveCfg = Release|Any CPU
		{520E1A60-42E3-4F67-BCA0-E32379EDD6FC}.Release|Any CPU.Build.0 = Release|Any CPU
		{05B653CE-9925-496B-96C0-372B9A5227F6}.Debug|Any CPU.ActiveCfg = Debug|Any CPU
		{05B653CE-9925-496B-96C0-372B9A5227F6}.Debug|Any CPU.Build.0 = Debug|Any CPU
		{05B653CE-9925-496B-96C0-372B9A5227F6}.Release|Any CPU.ActiveCfg = Release|Any CPU
		{05B653CE-9925-496B-96C0-372B9A5227F6}.Release|Any CPU.Build.0 = Release|Any CPU
		{FBCA36F4-DCDE-48FF-B606-34F07B7779FC}.Debug|Any CPU.ActiveCfg = Debug|Any CPU
		{FBCA36F4-DCDE-48FF-B606-34F07B7779FC}.Debug|Any CPU.Build.0 = Debug|Any CPU
		{FBCA36F4-DCDE-48FF-B606-34F07B7779FC}.Release|Any CPU.ActiveCfg = Release|Any CPU
		{FBCA36F4-DCDE-48FF-B606-34F07B7779FC}.Release|Any CPU.Build.0 = Release|Any CPU
	EndGlobalSection
	GlobalSection(SolutionProperties) = preSolution
		HideSolutionNode = FALSE
	EndGlobalSection
	GlobalSection(ExtensibilityGlobals) = postSolution
		SolutionGuid = {898D8F13-419E-4E06-9AB7-F211AAEFFF7D}
	EndGlobalSection
EndGlobal
