
Microsoft Visual Studio Solution File, Format Version 12.00
# Visual Studio Version 17
VisualStudioVersion = 17.3.32922.545
MinimumVisualStudioVersion = 10.0.40219.1
Project("{FAE04EC0-301F-11D3-BF4B-00C04F79EFBC}") = "task01_Recursive Array Sum", "task01_Recursive Array Sum\task01_Recursive Array Sum.csproj", "{1383B8DD-07EB-4B6E-86C3-4BFD9E358707}"
EndProject
Project("{FAE04EC0-301F-11D3-BF4B-00C04F79EFBC}") = "task02_Recursive Factorial", "task02_Recursive Factorial\task02_Recursive Factorial.csproj", "{42467E61-C3B7-4511-9549-A662A491EDF5}"
EndProject
Project("{FAE04EC0-301F-11D3-BF4B-00C04F79EFBC}") = "task03_Sum of Coins", "task03_Sum of Coins\task03_Sum of Coins.csproj", "{CD79AB5A-0887-4510-8E8E-94B6CF4A073C}"
EndProject
Global
	GlobalSection(SolutionConfigurationPlatforms) = preSolution
		Debug|Any CPU = Debug|Any CPU
		Release|Any CPU = Release|Any CPU
	EndGlobalSection
	GlobalSection(ProjectConfigurationPlatforms) = postSolution
		{1383B8DD-07EB-4B6E-86C3-4BFD9E358707}.Debug|Any CPU.ActiveCfg = Debug|Any CPU
		{1383B8DD-07EB-4B6E-86C3-4BFD9E358707}.Debug|Any CPU.Build.0 = Debug|Any CPU
		{1383B8DD-07EB-4B6E-86C3-4BFD9E358707}.Release|Any CPU.ActiveCfg = Release|Any CPU
		{1383B8DD-07EB-4B6E-86C3-4BFD9E358707}.Release|Any CPU.Build.0 = Release|Any CPU
		{42467E61-C3B7-4511-9549-A662A491EDF5}.Debug|Any CPU.ActiveCfg = Debug|Any CPU
		{42467E61-C3B7-4511-9549-A662A491EDF5}.Debug|Any CPU.Build.0 = Debug|Any CPU
		{42467E61-C3B7-4511-9549-A662A491EDF5}.Release|Any CPU.ActiveCfg = Release|Any CPU
		{42467E61-C3B7-4511-9549-A662A491EDF5}.Release|Any CPU.Build.0 = Release|Any CPU
		{CD79AB5A-0887-4510-8E8E-94B6CF4A073C}.Debug|Any CPU.ActiveCfg = Debug|Any CPU
		{CD79AB5A-0887-4510-8E8E-94B6CF4A073C}.Debug|Any CPU.Build.0 = Debug|Any CPU
		{CD79AB5A-0887-4510-8E8E-94B6CF4A073C}.Release|Any CPU.ActiveCfg = Release|Any CPU
		{CD79AB5A-0887-4510-8E8E-94B6CF4A073C}.Release|Any CPU.Build.0 = Release|Any CPU
	EndGlobalSection
	GlobalSection(SolutionProperties) = preSolution
		HideSolutionNode = FALSE
	EndGlobalSection
	GlobalSection(ExtensibilityGlobals) = postSolution
		SolutionGuid = {6AAA6A20-5F15-4C46-9BE8-A040BB58EAFF}
	EndGlobalSection
EndGlobal
