
Microsoft Visual Studio Solution File, Format Version 12.00
# Visual Studio Version 17
VisualStudioVersion = 17.3.32922.545
MinimumVisualStudioVersion = 10.0.40219.1
Project("{FAE04EC0-301F-11D3-BF4B-00C04F79EFBC}") = "task03_Shapes", "task03_Shapes\task03_Shapes.csproj", "{D0FD4065-B6F1-4CC0-B215-700ADC734AA5}"
EndProject
Global
	GlobalSection(SolutionConfigurationPlatforms) = preSolution
		Debug|Any CPU = Debug|Any CPU
		Release|Any CPU = Release|Any CPU
	EndGlobalSection
	GlobalSection(ProjectConfigurationPlatforms) = postSolution
		{D0FD4065-B6F1-4CC0-B215-700ADC734AA5}.Debug|Any CPU.ActiveCfg = Debug|Any CPU
		{D0FD4065-B6F1-4CC0-B215-700ADC734AA5}.Debug|Any CPU.Build.0 = Debug|Any CPU
		{D0FD4065-B6F1-4CC0-B215-700ADC734AA5}.Release|Any CPU.ActiveCfg = Release|Any CPU
		{D0FD4065-B6F1-4CC0-B215-700ADC734AA5}.Release|Any CPU.Build.0 = Release|Any CPU
	EndGlobalSection
	GlobalSection(SolutionProperties) = preSolution
		HideSolutionNode = FALSE
	EndGlobalSection
	GlobalSection(ExtensibilityGlobals) = postSolution
		SolutionGuid = {23F15A8B-8EA2-4A34-B8F4-A547D213F0C8}
	EndGlobalSection
EndGlobal
