
Microsoft Visual Studio Solution File, Format Version 12.00
# Visual Studio Version 16
VisualStudioVersion = 16.0.31911.196
MinimumVisualStudioVersion = 10.0.40219.1
Project("{FAE04EC0-301F-11D3-BF4B-00C04F79EFBC}") = "task01_Advertisement Message", "task01_Advertisement Message\task01_Advertisement Message.csproj", "{C9D860AB-5A61-4CF5-B376-E4261215EDFC}"
EndProject
Global
	GlobalSection(SolutionConfigurationPlatforms) = preSolution
		Debug|Any CPU = Debug|Any CPU
		Release|Any CPU = Release|Any CPU
	EndGlobalSection
	GlobalSection(ProjectConfigurationPlatforms) = postSolution
		{C9D860AB-5A61-4CF5-B376-E4261215EDFC}.Debug|Any CPU.ActiveCfg = Debug|Any CPU
		{C9D860AB-5A61-4CF5-B376-E4261215EDFC}.Debug|Any CPU.Build.0 = Debug|Any CPU
		{C9D860AB-5A61-4CF5-B376-E4261215EDFC}.Release|Any CPU.ActiveCfg = Release|Any CPU
		{C9D860AB-5A61-4CF5-B376-E4261215EDFC}.Release|Any CPU.Build.0 = Release|Any CPU
	EndGlobalSection
	GlobalSection(SolutionProperties) = preSolution
		HideSolutionNode = FALSE
	EndGlobalSection
	GlobalSection(ExtensibilityGlobals) = postSolution
		SolutionGuid = {9B9E38C0-C27D-4220-B001-85326E784FC4}
	EndGlobalSection
EndGlobal
