
Microsoft Visual Studio Solution File, Format Version 12.00
# Visual Studio Version 16
VisualStudioVersion = 16.0.31911.196
MinimumVisualStudioVersion = 10.0.40219.1
Project("{FAE04EC0-301F-11D3-BF4B-00C04F79EFBC}") = "task01_String Manipulator", "task01_String Manipulator\task01_String Manipulator.csproj", "{A6846640-31CA-4873-86BC-916E154AC642}"
EndProject
Project("{FAE04EC0-301F-11D3-BF4B-00C04F79EFBC}") = "task02_Message Decrypter", "task02_Message Decrypter\task02_Message Decrypter.csproj", "{9C7CE7E3-1DEC-4D08-9804-DC1E186C5999}"
EndProject
Project("{FAE04EC0-301F-11D3-BF4B-00C04F79EFBC}") = "task03_Degustation Party", "task03_Degustation Party\task03_Degustation Party.csproj", "{8F983ABB-D75F-4BDB-864A-82595EB8295C}"
EndProject
Global
	GlobalSection(SolutionConfigurationPlatforms) = preSolution
		Debug|Any CPU = Debug|Any CPU
		Release|Any CPU = Release|Any CPU
	EndGlobalSection
	GlobalSection(ProjectConfigurationPlatforms) = postSolution
		{A6846640-31CA-4873-86BC-916E154AC642}.Debug|Any CPU.ActiveCfg = Debug|Any CPU
		{A6846640-31CA-4873-86BC-916E154AC642}.Debug|Any CPU.Build.0 = Debug|Any CPU
		{A6846640-31CA-4873-86BC-916E154AC642}.Release|Any CPU.ActiveCfg = Release|Any CPU
		{A6846640-31CA-4873-86BC-916E154AC642}.Release|Any CPU.Build.0 = Release|Any CPU
		{9C7CE7E3-1DEC-4D08-9804-DC1E186C5999}.Debug|Any CPU.ActiveCfg = Debug|Any CPU
		{9C7CE7E3-1DEC-4D08-9804-DC1E186C5999}.Debug|Any CPU.Build.0 = Debug|Any CPU
		{9C7CE7E3-1DEC-4D08-9804-DC1E186C5999}.Release|Any CPU.ActiveCfg = Release|Any CPU
		{9C7CE7E3-1DEC-4D08-9804-DC1E186C5999}.Release|Any CPU.Build.0 = Release|Any CPU
		{8F983ABB-D75F-4BDB-864A-82595EB8295C}.Debug|Any CPU.ActiveCfg = Debug|Any CPU
		{8F983ABB-D75F-4BDB-864A-82595EB8295C}.Debug|Any CPU.Build.0 = Debug|Any CPU
		{8F983ABB-D75F-4BDB-864A-82595EB8295C}.Release|Any CPU.ActiveCfg = Release|Any CPU
		{8F983ABB-D75F-4BDB-864A-82595EB8295C}.Release|Any CPU.Build.0 = Release|Any CPU
	EndGlobalSection
	GlobalSection(SolutionProperties) = preSolution
		HideSolutionNode = FALSE
	EndGlobalSection
	GlobalSection(ExtensibilityGlobals) = postSolution
		SolutionGuid = {991E146C-D20C-4624-958A-89EFFB1C8B28}
	EndGlobalSection
EndGlobal
