
Microsoft Visual Studio Solution File, Format Version 12.00
# Visual Studio Version 17
VisualStudioVersion = 17.3.32922.545
MinimumVisualStudioVersion = 10.0.40219.1
Project("{FAE04EC0-301F-11D3-BF4B-00C04F79EFBC}") = "task01_Single Inheritance", "task01_Single Inheritance\task01_Single Inheritance.csproj", "{6DCF5400-D7B1-4C9B-BFAA-1EC3ACD6EFF5}"
EndProject
Project("{FAE04EC0-301F-11D3-BF4B-00C04F79EFBC}") = "task02_Multiple Inheritance", "task02_Multiple Inheritance\task02_Multiple Inheritance.csproj", "{8F7392C4-05E9-407F-8FF9-AC55F63E5945}"
EndProject
Project("{FAE04EC0-301F-11D3-BF4B-00C04F79EFBC}") = "task03_Hierarchical Inheritance", "task03_Hierarchical Inheritance\task03_Hierarchical Inheritance.csproj", "{DD5CDF84-0033-4106-AE0D-D082BAC61D79}"
EndProject
Project("{FAE04EC0-301F-11D3-BF4B-00C04F79EFBC}") = "task04_Random List", "task04_Random List\task04_Random List.csproj", "{C62CFB0C-2658-47C5-BD05-57C19C1F141C}"
EndProject
Global
	GlobalSection(SolutionConfigurationPlatforms) = preSolution
		Debug|Any CPU = Debug|Any CPU
		Release|Any CPU = Release|Any CPU
	EndGlobalSection
	GlobalSection(ProjectConfigurationPlatforms) = postSolution
		{6DCF5400-D7B1-4C9B-BFAA-1EC3ACD6EFF5}.Debug|Any CPU.ActiveCfg = Debug|Any CPU
		{6DCF5400-D7B1-4C9B-BFAA-1EC3ACD6EFF5}.Debug|Any CPU.Build.0 = Debug|Any CPU
		{6DCF5400-D7B1-4C9B-BFAA-1EC3ACD6EFF5}.Release|Any CPU.ActiveCfg = Release|Any CPU
		{6DCF5400-D7B1-4C9B-BFAA-1EC3ACD6EFF5}.Release|Any CPU.Build.0 = Release|Any CPU
		{8F7392C4-05E9-407F-8FF9-AC55F63E5945}.Debug|Any CPU.ActiveCfg = Debug|Any CPU
		{8F7392C4-05E9-407F-8FF9-AC55F63E5945}.Debug|Any CPU.Build.0 = Debug|Any CPU
		{8F7392C4-05E9-407F-8FF9-AC55F63E5945}.Release|Any CPU.ActiveCfg = Release|Any CPU
		{8F7392C4-05E9-407F-8FF9-AC55F63E5945}.Release|Any CPU.Build.0 = Release|Any CPU
		{DD5CDF84-0033-4106-AE0D-D082BAC61D79}.Debug|Any CPU.ActiveCfg = Debug|Any CPU
		{DD5CDF84-0033-4106-AE0D-D082BAC61D79}.Debug|Any CPU.Build.0 = Debug|Any CPU
		{DD5CDF84-0033-4106-AE0D-D082BAC61D79}.Release|Any CPU.ActiveCfg = Release|Any CPU
		{DD5CDF84-0033-4106-AE0D-D082BAC61D79}.Release|Any CPU.Build.0 = Release|Any CPU
		{C62CFB0C-2658-47C5-BD05-57C19C1F141C}.Debug|Any CPU.ActiveCfg = Debug|Any CPU
		{C62CFB0C-2658-47C5-BD05-57C19C1F141C}.Debug|Any CPU.Build.0 = Debug|Any CPU
		{C62CFB0C-2658-47C5-BD05-57C19C1F141C}.Release|Any CPU.ActiveCfg = Release|Any CPU
		{C62CFB0C-2658-47C5-BD05-57C19C1F141C}.Release|Any CPU.Build.0 = Release|Any CPU
	EndGlobalSection
	GlobalSection(SolutionProperties) = preSolution
		HideSolutionNode = FALSE
	EndGlobalSection
	GlobalSection(ExtensibilityGlobals) = postSolution
		SolutionGuid = {324EC5FA-1844-4820-A4A1-B175B7911558}
	EndGlobalSection
EndGlobal
