
Microsoft Visual Studio Solution File, Format Version 12.00
# Visual Studio Version 17
VisualStudioVersion = 17.3.32922.545
MinimumVisualStudioVersion = 10.0.40219.1
Project("{9A19103F-16F7-4668-BE54-9A1E7A4F7556}") = "task01_Command Pattern", "task01_Command Pattern\task01_Command Pattern.csproj", "{279DAE57-5688-40E9-BD9D-6B49386AA411}"
EndProject
Project("{FAE04EC0-301F-11D3-BF4B-00C04F79EFBC}") = "task02_Validation Attributes", "task02_Validation Attributes\task02_Validation Attributes.csproj", "{B78FD05B-031B-40A3-A8E5-373A81661C3B}"
EndProject
Global
	GlobalSection(SolutionConfigurationPlatforms) = preSolution
		Debug|Any CPU = Debug|Any CPU
		Release|Any CPU = Release|Any CPU
	EndGlobalSection
	GlobalSection(ProjectConfigurationPlatforms) = postSolution
		{279DAE57-5688-40E9-BD9D-6B49386AA411}.Debug|Any CPU.ActiveCfg = Debug|Any CPU
		{279DAE57-5688-40E9-BD9D-6B49386AA411}.Debug|Any CPU.Build.0 = Debug|Any CPU
		{279DAE57-5688-40E9-BD9D-6B49386AA411}.Release|Any CPU.ActiveCfg = Release|Any CPU
		{279DAE57-5688-40E9-BD9D-6B49386AA411}.Release|Any CPU.Build.0 = Release|Any CPU
		{B78FD05B-031B-40A3-A8E5-373A81661C3B}.Debug|Any CPU.ActiveCfg = Debug|Any CPU
		{B78FD05B-031B-40A3-A8E5-373A81661C3B}.Debug|Any CPU.Build.0 = Debug|Any CPU
		{B78FD05B-031B-40A3-A8E5-373A81661C3B}.Release|Any CPU.ActiveCfg = Release|Any CPU
		{B78FD05B-031B-40A3-A8E5-373A81661C3B}.Release|Any CPU.Build.0 = Release|Any CPU
	EndGlobalSection
	GlobalSection(SolutionProperties) = preSolution
		HideSolutionNode = FALSE
	EndGlobalSection
	GlobalSection(ExtensibilityGlobals) = postSolution
		SolutionGuid = {D3B5EA1D-345A-48E8-AEF0-D055C7274FF8}
	EndGlobalSection
EndGlobal
