
Microsoft Visual Studio Solution File, Format Version 12.00
# Visual Studio Version 17
VisualStudioVersion = 17.3.32901.215
MinimumVisualStudioVersion = 10.0.40219.1
Project("{FAE04EC0-301F-11D3-BF4B-00C04F79EFBC}") = "task01_Unique Usernames", "task01_Unique Usernames\task01_Unique Usernames.csproj", "{52E2DAC4-8F35-4749-A5D1-5123B5775145}"
EndProject
Global
	GlobalSection(SolutionConfigurationPlatforms) = preSolution
		Debug|Any CPU = Debug|Any CPU
		Release|Any CPU = Release|Any CPU
	EndGlobalSection
	GlobalSection(ProjectConfigurationPlatforms) = postSolution
		{52E2DAC4-8F35-4749-A5D1-5123B5775145}.Debug|Any CPU.ActiveCfg = Debug|Any CPU
		{52E2DAC4-8F35-4749-A5D1-5123B5775145}.Debug|Any CPU.Build.0 = Debug|Any CPU
		{52E2DAC4-8F35-4749-A5D1-5123B5775145}.Release|Any CPU.ActiveCfg = Release|Any CPU
		{52E2DAC4-8F35-4749-A5D1-5123B5775145}.Release|Any CPU.Build.0 = Release|Any CPU
	EndGlobalSection
	GlobalSection(SolutionProperties) = preSolution
		HideSolutionNode = FALSE
	EndGlobalSection
	GlobalSection(ExtensibilityGlobals) = postSolution
		SolutionGuid = {67A56E61-EC41-4EAE-9396-E5AE35E29A36}
	EndGlobalSection
EndGlobal
