
Microsoft Visual Studio Solution File, Format Version 12.00
# Visual Studio Version 17
VisualStudioVersion = 17.3.32901.215
MinimumVisualStudioVersion = 10.0.40219.1
Project("{FAE04EC0-301F-11D3-BF4B-00C04F79EFBC}") = "task01_Unique Usernames", "task01_Unique Usernames\task01_Unique Usernames.csproj", "{52E2DAC4-8F35-4749-A5D1-5123B5775145}"
EndProject
Project("{FAE04EC0-301F-11D3-BF4B-00C04F79EFBC}") = "task02_Sets of Elements", "task02_Sets of Elements\task02_Sets of Elements.csproj", "{30A5FF9B-B4C5-475B-8057-93BAE50582C7}"
EndProject
Project("{FAE04EC0-301F-11D3-BF4B-00C04F79EFBC}") = "task03_Periodic Table", "task03_Periodic Table\task03_Periodic Table.csproj", "{50C0E6BA-8344-492B-8117-A553FF3BCBD8}"
EndProject
Project("{FAE04EC0-301F-11D3-BF4B-00C04F79EFBC}") = "task04_Even Times", "task04_Even Times\task04_Even Times.csproj", "{AF155547-87DD-4E07-9337-0E82C0A3C2A7}"
EndProject
Global
	GlobalSection(SolutionConfigurationPlatforms) = preSolution
		Debug|Any CPU = Debug|Any CPU
		Release|Any CPU = Release|Any CPU
	EndGlobalSection
	GlobalSection(ProjectConfigurationPlatforms) = postSolution
		{52E2DAC4-8F35-4749-A5D1-5123B5775145}.Debug|Any CPU.ActiveCfg = Debug|Any CPU
		{52E2DAC4-8F35-4749-A5D1-5123B5775145}.Debug|Any CPU.Build.0 = Debug|Any CPU
		{52E2DAC4-8F35-4749-A5D1-5123B5775145}.Release|Any CPU.ActiveCfg = Release|Any CPU
		{52E2DAC4-8F35-4749-A5D1-5123B5775145}.Release|Any CPU.Build.0 = Release|Any CPU
		{30A5FF9B-B4C5-475B-8057-93BAE50582C7}.Debug|Any CPU.ActiveCfg = Debug|Any CPU
		{30A5FF9B-B4C5-475B-8057-93BAE50582C7}.Debug|Any CPU.Build.0 = Debug|Any CPU
		{30A5FF9B-B4C5-475B-8057-93BAE50582C7}.Release|Any CPU.ActiveCfg = Release|Any CPU
		{30A5FF9B-B4C5-475B-8057-93BAE50582C7}.Release|Any CPU.Build.0 = Release|Any CPU
		{50C0E6BA-8344-492B-8117-A553FF3BCBD8}.Debug|Any CPU.ActiveCfg = Debug|Any CPU
		{50C0E6BA-8344-492B-8117-A553FF3BCBD8}.Debug|Any CPU.Build.0 = Debug|Any CPU
		{50C0E6BA-8344-492B-8117-A553FF3BCBD8}.Release|Any CPU.ActiveCfg = Release|Any CPU
		{50C0E6BA-8344-492B-8117-A553FF3BCBD8}.Release|Any CPU.Build.0 = Release|Any CPU
		{AF155547-87DD-4E07-9337-0E82C0A3C2A7}.Debug|Any CPU.ActiveCfg = Debug|Any CPU
		{AF155547-87DD-4E07-9337-0E82C0A3C2A7}.Debug|Any CPU.Build.0 = Debug|Any CPU
		{AF155547-87DD-4E07-9337-0E82C0A3C2A7}.Release|Any CPU.ActiveCfg = Release|Any CPU
		{AF155547-87DD-4E07-9337-0E82C0A3C2A7}.Release|Any CPU.Build.0 = Release|Any CPU
	EndGlobalSection
	GlobalSection(SolutionProperties) = preSolution
		HideSolutionNode = FALSE
	EndGlobalSection
	GlobalSection(ExtensibilityGlobals) = postSolution
		SolutionGuid = {67A56E61-EC41-4EAE-9396-E5AE35E29A36}
	EndGlobalSection
EndGlobal
