
Microsoft Visual Studio Solution File, Format Version 12.00
# Visual Studio Version 17
VisualStudioVersion = 17.3.32901.215
MinimumVisualStudioVersion = 10.0.40219.1
Project("{9A19103F-16F7-4668-BE54-9A1E7A4F7556}") = "task01_Define a Class Person", "task01_Define a Class Person\task01_Define a Class Person.csproj", "{781996C2-91A3-42B5-B316-96A08506D0E5}"
EndProject
Project("{9A19103F-16F7-4668-BE54-9A1E7A4F7556}") = "task02_Creating Constructors", "task02_Creating Constructors\task02_Creating Constructors.csproj", "{DA95FBFE-458D-4CEB-8D8F-DB648E42A800}"
EndProject
Project("{9A19103F-16F7-4668-BE54-9A1E7A4F7556}") = "task03_Oldest Family Member", "task03_Oldest Family Member\task03_Oldest Family Member.csproj", "{A1A868C6-73CE-4F92-BA64-E6FCC7FBB40B}"
EndProject
Project("{9A19103F-16F7-4668-BE54-9A1E7A4F7556}") = "task04_Opinion Poll", "task04_Opinion Poll\task04_Opinion Poll.csproj", "{3D7F3D21-71A5-4BD9-BB57-CAF4BD069348}"
EndProject
Project("{9A19103F-16F7-4668-BE54-9A1E7A4F7556}") = "task05_Date Modifier", "task05_Date Modifier\task05_Date Modifier.csproj", "{13B7D77F-FB49-4A0B-BA0B-23C48151C72D}"
EndProject
Project("{FAE04EC0-301F-11D3-BF4B-00C04F79EFBC}") = "task06_Speed Racing", "task06_Speed Racing\task06_Speed Racing.csproj", "{0712D5D0-C205-4678-BB17-EC364A9BE9B1}"
EndProject
Project("{FAE04EC0-301F-11D3-BF4B-00C04F79EFBC}") = "task07_Raw Data", "task07_Raw Data\task07_Raw Data.csproj", "{47EA2CDE-C046-41E9-8552-DEEE822D1FF5}"
EndProject
Global
	GlobalSection(SolutionConfigurationPlatforms) = preSolution
		Debug|Any CPU = Debug|Any CPU
		Release|Any CPU = Release|Any CPU
	EndGlobalSection
	GlobalSection(ProjectConfigurationPlatforms) = postSolution
		{781996C2-91A3-42B5-B316-96A08506D0E5}.Debug|Any CPU.ActiveCfg = Debug|Any CPU
		{781996C2-91A3-42B5-B316-96A08506D0E5}.Debug|Any CPU.Build.0 = Debug|Any CPU
		{781996C2-91A3-42B5-B316-96A08506D0E5}.Release|Any CPU.ActiveCfg = Release|Any CPU
		{781996C2-91A3-42B5-B316-96A08506D0E5}.Release|Any CPU.Build.0 = Release|Any CPU
		{DA95FBFE-458D-4CEB-8D8F-DB648E42A800}.Debug|Any CPU.ActiveCfg = Debug|Any CPU
		{DA95FBFE-458D-4CEB-8D8F-DB648E42A800}.Debug|Any CPU.Build.0 = Debug|Any CPU
		{DA95FBFE-458D-4CEB-8D8F-DB648E42A800}.Release|Any CPU.ActiveCfg = Release|Any CPU
		{DA95FBFE-458D-4CEB-8D8F-DB648E42A800}.Release|Any CPU.Build.0 = Release|Any CPU
		{A1A868C6-73CE-4F92-BA64-E6FCC7FBB40B}.Debug|Any CPU.ActiveCfg = Debug|Any CPU
		{A1A868C6-73CE-4F92-BA64-E6FCC7FBB40B}.Debug|Any CPU.Build.0 = Debug|Any CPU
		{A1A868C6-73CE-4F92-BA64-E6FCC7FBB40B}.Release|Any CPU.ActiveCfg = Release|Any CPU
		{A1A868C6-73CE-4F92-BA64-E6FCC7FBB40B}.Release|Any CPU.Build.0 = Release|Any CPU
		{3D7F3D21-71A5-4BD9-BB57-CAF4BD069348}.Debug|Any CPU.ActiveCfg = Debug|Any CPU
		{3D7F3D21-71A5-4BD9-BB57-CAF4BD069348}.Debug|Any CPU.Build.0 = Debug|Any CPU
		{3D7F3D21-71A5-4BD9-BB57-CAF4BD069348}.Release|Any CPU.ActiveCfg = Release|Any CPU
		{3D7F3D21-71A5-4BD9-BB57-CAF4BD069348}.Release|Any CPU.Build.0 = Release|Any CPU
		{13B7D77F-FB49-4A0B-BA0B-23C48151C72D}.Debug|Any CPU.ActiveCfg = Debug|Any CPU
		{13B7D77F-FB49-4A0B-BA0B-23C48151C72D}.Debug|Any CPU.Build.0 = Debug|Any CPU
		{13B7D77F-FB49-4A0B-BA0B-23C48151C72D}.Release|Any CPU.ActiveCfg = Release|Any CPU
		{13B7D77F-FB49-4A0B-BA0B-23C48151C72D}.Release|Any CPU.Build.0 = Release|Any CPU
		{0712D5D0-C205-4678-BB17-EC364A9BE9B1}.Debug|Any CPU.ActiveCfg = Debug|Any CPU
		{0712D5D0-C205-4678-BB17-EC364A9BE9B1}.Debug|Any CPU.Build.0 = Debug|Any CPU
		{0712D5D0-C205-4678-BB17-EC364A9BE9B1}.Release|Any CPU.ActiveCfg = Release|Any CPU
		{0712D5D0-C205-4678-BB17-EC364A9BE9B1}.Release|Any CPU.Build.0 = Release|Any CPU
		{47EA2CDE-C046-41E9-8552-DEEE822D1FF5}.Debug|Any CPU.ActiveCfg = Debug|Any CPU
		{47EA2CDE-C046-41E9-8552-DEEE822D1FF5}.Debug|Any CPU.Build.0 = Debug|Any CPU
		{47EA2CDE-C046-41E9-8552-DEEE822D1FF5}.Release|Any CPU.ActiveCfg = Release|Any CPU
		{47EA2CDE-C046-41E9-8552-DEEE822D1FF5}.Release|Any CPU.Build.0 = Release|Any CPU
	EndGlobalSection
	GlobalSection(SolutionProperties) = preSolution
		HideSolutionNode = FALSE
	EndGlobalSection
	GlobalSection(ExtensibilityGlobals) = postSolution
		SolutionGuid = {5BEA7C83-98D4-43D0-AE06-5E53B491EB6A}
	EndGlobalSection
EndGlobal
