
Microsoft Visual Studio Solution File, Format Version 12.00
# Visual Studio Version 17
VisualStudioVersion = 17.3.32922.545
MinimumVisualStudioVersion = 10.0.40219.1
Project("{FAE04EC0-301F-11D3-BF4B-00C04F79EFBC}") = "task01_Energy Drinks", "task01_Energy Drinks\task01_Energy Drinks.csproj", "{6D2AC185-8ED3-4DF1-959F-302785E94B95}"
EndProject
Project("{FAE04EC0-301F-11D3-BF4B-00C04F79EFBC}") = "task02_Rally Racing", "task02_Rally Racing\task02_Rally Racing.csproj", "{2F95BF2D-3F1B-41A8-96B5-3557EC2DE628}"
EndProject
Project("{FAE04EC0-301F-11D3-BF4B-00C04F79EFBC}") = "task03_Computer Architecture", "task03_Computer Architecture\task03_Computer Architecture.csproj", "{7D37D774-780B-44CF-9C1F-E9F1A35671F0}"
EndProject
Global
	GlobalSection(SolutionConfigurationPlatforms) = preSolution
		Debug|Any CPU = Debug|Any CPU
		Release|Any CPU = Release|Any CPU
	EndGlobalSection
	GlobalSection(ProjectConfigurationPlatforms) = postSolution
		{6D2AC185-8ED3-4DF1-959F-302785E94B95}.Debug|Any CPU.ActiveCfg = Debug|Any CPU
		{6D2AC185-8ED3-4DF1-959F-302785E94B95}.Debug|Any CPU.Build.0 = Debug|Any CPU
		{6D2AC185-8ED3-4DF1-959F-302785E94B95}.Release|Any CPU.ActiveCfg = Release|Any CPU
		{6D2AC185-8ED3-4DF1-959F-302785E94B95}.Release|Any CPU.Build.0 = Release|Any CPU
		{2F95BF2D-3F1B-41A8-96B5-3557EC2DE628}.Debug|Any CPU.ActiveCfg = Debug|Any CPU
		{2F95BF2D-3F1B-41A8-96B5-3557EC2DE628}.Debug|Any CPU.Build.0 = Debug|Any CPU
		{2F95BF2D-3F1B-41A8-96B5-3557EC2DE628}.Release|Any CPU.ActiveCfg = Release|Any CPU
		{2F95BF2D-3F1B-41A8-96B5-3557EC2DE628}.Release|Any CPU.Build.0 = Release|Any CPU
		{7D37D774-780B-44CF-9C1F-E9F1A35671F0}.Debug|Any CPU.ActiveCfg = Debug|Any CPU
		{7D37D774-780B-44CF-9C1F-E9F1A35671F0}.Debug|Any CPU.Build.0 = Debug|Any CPU
		{7D37D774-780B-44CF-9C1F-E9F1A35671F0}.Release|Any CPU.ActiveCfg = Release|Any CPU
		{7D37D774-780B-44CF-9C1F-E9F1A35671F0}.Release|Any CPU.Build.0 = Release|Any CPU
	EndGlobalSection
	GlobalSection(SolutionProperties) = preSolution
		HideSolutionNode = FALSE
	EndGlobalSection
	GlobalSection(ExtensibilityGlobals) = postSolution
		SolutionGuid = {A8DA87C9-0DFE-42EF-8AD5-95AB74381314}
	EndGlobalSection
EndGlobal
