
Microsoft Visual Studio Solution File, Format Version 12.00
# Visual Studio Version 16
VisualStudioVersion = 16.0.31911.196
MinimumVisualStudioVersion = 10.0.40219.1
Project("{FAE04EC0-301F-11D3-BF4B-00C04F79EFBC}") = "task01", "task01\task01.csproj", "{E121842C-B522-4D79-9F5C-B58268759D81}"
EndProject
Project("{FAE04EC0-301F-11D3-BF4B-00C04F79EFBC}") = "task02", "task02\task02.csproj", "{BB311426-DF85-43D7-BCF2-9B43CF1EF5B3}"
EndProject
Project("{FAE04EC0-301F-11D3-BF4B-00C04F79EFBC}") = "task03", "task03\task03.csproj", "{F6FD76DD-9CA5-4A7A-AF7E-EEB60DE28805}"
EndProject
Project("{FAE04EC0-301F-11D3-BF4B-00C04F79EFBC}") = "task04", "task04\task04.csproj", "{F918F4EC-D485-434B-BB35-2A0A7EA38290}"
EndProject
Project("{FAE04EC0-301F-11D3-BF4B-00C04F79EFBC}") = "task05", "task05\task05.csproj", "{54FC95CE-6E74-469D-A83C-5A6C2DAAE667}"
EndProject
Project("{FAE04EC0-301F-11D3-BF4B-00C04F79EFBC}") = "task06", "task06\task06.csproj", "{487D7A19-F478-4FB4-A93F-F977ACC42424}"
EndProject
Project("{FAE04EC0-301F-11D3-BF4B-00C04F79EFBC}") = "task07", "task07\task07.csproj", "{F17E4E4E-11FB-4A06-BE98-5AC627F95696}"
EndProject
Project("{FAE04EC0-301F-11D3-BF4B-00C04F79EFBC}") = "task08", "task08\task08.csproj", "{B6BA6FA6-CE08-4232-9864-EFBDFDD2AC3A}"
EndProject
Project("{FAE04EC0-301F-11D3-BF4B-00C04F79EFBC}") = "task09", "task09\task09.csproj", "{C2729FBD-51B2-46D6-BCE1-42068B8E3A01}"
EndProject
Project("{FAE04EC0-301F-11D3-BF4B-00C04F79EFBC}") = "task10", "task10\task10.csproj", "{2D3AE012-9FB2-4589-BCCF-182F0B91D71E}"
EndProject
Project("{FAE04EC0-301F-11D3-BF4B-00C04F79EFBC}") = "task11", "task11\task11.csproj", "{72448B3D-C343-4439-AE0D-B2BB52B73158}"
EndProject
Project("{FAE04EC0-301F-11D3-BF4B-00C04F79EFBC}") = "task12", "task12\task12.csproj", "{4B8707C3-903D-4F60-A3B5-41193799BB7D}"
EndProject
Global
	GlobalSection(SolutionConfigurationPlatforms) = preSolution
		Debug|Any CPU = Debug|Any CPU
		Release|Any CPU = Release|Any CPU
	EndGlobalSection
	GlobalSection(ProjectConfigurationPlatforms) = postSolution
		{E121842C-B522-4D79-9F5C-B58268759D81}.Debug|Any CPU.ActiveCfg = Debug|Any CPU
		{E121842C-B522-4D79-9F5C-B58268759D81}.Debug|Any CPU.Build.0 = Debug|Any CPU
		{E121842C-B522-4D79-9F5C-B58268759D81}.Release|Any CPU.ActiveCfg = Release|Any CPU
		{E121842C-B522-4D79-9F5C-B58268759D81}.Release|Any CPU.Build.0 = Release|Any CPU
		{BB311426-DF85-43D7-BCF2-9B43CF1EF5B3}.Debug|Any CPU.ActiveCfg = Debug|Any CPU
		{BB311426-DF85-43D7-BCF2-9B43CF1EF5B3}.Debug|Any CPU.Build.0 = Debug|Any CPU
		{BB311426-DF85-43D7-BCF2-9B43CF1EF5B3}.Release|Any CPU.ActiveCfg = Release|Any CPU
		{BB311426-DF85-43D7-BCF2-9B43CF1EF5B3}.Release|Any CPU.Build.0 = Release|Any CPU
		{F6FD76DD-9CA5-4A7A-AF7E-EEB60DE28805}.Debug|Any CPU.ActiveCfg = Debug|Any CPU
		{F6FD76DD-9CA5-4A7A-AF7E-EEB60DE28805}.Debug|Any CPU.Build.0 = Debug|Any CPU
		{F6FD76DD-9CA5-4A7A-AF7E-EEB60DE28805}.Release|Any CPU.ActiveCfg = Release|Any CPU
		{F6FD76DD-9CA5-4A7A-AF7E-EEB60DE28805}.Release|Any CPU.Build.0 = Release|Any CPU
		{F918F4EC-D485-434B-BB35-2A0A7EA38290}.Debug|Any CPU.ActiveCfg = Debug|Any CPU
		{F918F4EC-D485-434B-BB35-2A0A7EA38290}.Debug|Any CPU.Build.0 = Debug|Any CPU
		{F918F4EC-D485-434B-BB35-2A0A7EA38290}.Release|Any CPU.ActiveCfg = Release|Any CPU
		{F918F4EC-D485-434B-BB35-2A0A7EA38290}.Release|Any CPU.Build.0 = Release|Any CPU
		{54FC95CE-6E74-469D-A83C-5A6C2DAAE667}.Debug|Any CPU.ActiveCfg = Debug|Any CPU
		{54FC95CE-6E74-469D-A83C-5A6C2DAAE667}.Debug|Any CPU.Build.0 = Debug|Any CPU
		{54FC95CE-6E74-469D-A83C-5A6C2DAAE667}.Release|Any CPU.ActiveCfg = Release|Any CPU
		{54FC95CE-6E74-469D-A83C-5A6C2DAAE667}.Release|Any CPU.Build.0 = Release|Any CPU
		{487D7A19-F478-4FB4-A93F-F977ACC42424}.Debug|Any CPU.ActiveCfg = Debug|Any CPU
		{487D7A19-F478-4FB4-A93F-F977ACC42424}.Debug|Any CPU.Build.0 = Debug|Any CPU
		{487D7A19-F478-4FB4-A93F-F977ACC42424}.Release|Any CPU.ActiveCfg = Release|Any CPU
		{487D7A19-F478-4FB4-A93F-F977ACC42424}.Release|Any CPU.Build.0 = Release|Any CPU
		{F17E4E4E-11FB-4A06-BE98-5AC627F95696}.Debug|Any CPU.ActiveCfg = Debug|Any CPU
		{F17E4E4E-11FB-4A06-BE98-5AC627F95696}.Debug|Any CPU.Build.0 = Debug|Any CPU
		{F17E4E4E-11FB-4A06-BE98-5AC627F95696}.Release|Any CPU.ActiveCfg = Release|Any CPU
		{F17E4E4E-11FB-4A06-BE98-5AC627F95696}.Release|Any CPU.Build.0 = Release|Any CPU
		{B6BA6FA6-CE08-4232-9864-EFBDFDD2AC3A}.Debug|Any CPU.ActiveCfg = Debug|Any CPU
		{B6BA6FA6-CE08-4232-9864-EFBDFDD2AC3A}.Debug|Any CPU.Build.0 = Debug|Any CPU
		{B6BA6FA6-CE08-4232-9864-EFBDFDD2AC3A}.Release|Any CPU.ActiveCfg = Release|Any CPU
		{B6BA6FA6-CE08-4232-9864-EFBDFDD2AC3A}.Release|Any CPU.Build.0 = Release|Any CPU
		{C2729FBD-51B2-46D6-BCE1-42068B8E3A01}.Debug|Any CPU.ActiveCfg = Debug|Any CPU
		{C2729FBD-51B2-46D6-BCE1-42068B8E3A01}.Debug|Any CPU.Build.0 = Debug|Any CPU
		{C2729FBD-51B2-46D6-BCE1-42068B8E3A01}.Release|Any CPU.ActiveCfg = Release|Any CPU
		{C2729FBD-51B2-46D6-BCE1-42068B8E3A01}.Release|Any CPU.Build.0 = Release|Any CPU
		{2D3AE012-9FB2-4589-BCCF-182F0B91D71E}.Debug|Any CPU.ActiveCfg = Debug|Any CPU
		{2D3AE012-9FB2-4589-BCCF-182F0B91D71E}.Debug|Any CPU.Build.0 = Debug|Any CPU
		{2D3AE012-9FB2-4589-BCCF-182F0B91D71E}.Release|Any CPU.ActiveCfg = Release|Any CPU
		{2D3AE012-9FB2-4589-BCCF-182F0B91D71E}.Release|Any CPU.Build.0 = Release|Any CPU
		{72448B3D-C343-4439-AE0D-B2BB52B73158}.Debug|Any CPU.ActiveCfg = Debug|Any CPU
		{72448B3D-C343-4439-AE0D-B2BB52B73158}.Debug|Any CPU.Build.0 = Debug|Any CPU
		{72448B3D-C343-4439-AE0D-B2BB52B73158}.Release|Any CPU.ActiveCfg = Release|Any CPU
		{72448B3D-C343-4439-AE0D-B2BB52B73158}.Release|Any CPU.Build.0 = Release|Any CPU
		{4B8707C3-903D-4F60-A3B5-41193799BB7D}.Debug|Any CPU.ActiveCfg = Debug|Any CPU
		{4B8707C3-903D-4F60-A3B5-41193799BB7D}.Debug|Any CPU.Build.0 = Debug|Any CPU
		{4B8707C3-903D-4F60-A3B5-41193799BB7D}.Release|Any CPU.ActiveCfg = Release|Any CPU
		{4B8707C3-903D-4F60-A3B5-41193799BB7D}.Release|Any CPU.Build.0 = Release|Any CPU
	EndGlobalSection
	GlobalSection(SolutionProperties) = preSolution
		HideSolutionNode = FALSE
	EndGlobalSection
	GlobalSection(ExtensibilityGlobals) = postSolution
		SolutionGuid = {51E143DB-7303-4484-9D0F-EF5AB22D7F5E}
	EndGlobalSection
EndGlobal
