
Microsoft Visual Studio Solution File, Format Version 12.00
# Visual Studio Version 16
VisualStudioVersion = 16.0.31911.196
MinimumVisualStudioVersion = 10.0.40219.1
Project("{9A19103F-16F7-4668-BE54-9A1E7A4F7556}") = "task01_Furniture", "task01_Furniture\task01_Furniture.csproj", "{D510881D-7B88-45EB-B3EC-69D299263FFC}"
EndProject
Project("{9A19103F-16F7-4668-BE54-9A1E7A4F7556}") = "task03_SoftUni Bar Income", "task03_SoftUni Bar Income\task03_SoftUni Bar Income.csproj", "{45FBD3D2-E153-4DF6-A37C-1589C21E9C68}"
EndProject
Project("{9A19103F-16F7-4668-BE54-9A1E7A4F7556}") = "task02_Race", "task02_Race\task02_Race.csproj", "{3E53C1B7-E593-4894-903E-7561C6EE94B5}"
EndProject
Project("{FAE04EC0-301F-11D3-BF4B-00C04F79EFBC}") = "task04_Star Enigma", "task04_Star Enigma\task04_Star Enigma.csproj", "{A5EA8D19-DB79-40BD-A60A-002F44133826}"
EndProject
Project("{FAE04EC0-301F-11D3-BF4B-00C04F79EFBC}") = "task05_Nether Realms", "task05_Nether Realms\task05_Nether Realms.csproj", "{C445A1B9-BAC7-49F1-AFA3-FBF4C378C57E}"
EndProject
Global
	GlobalSection(SolutionConfigurationPlatforms) = preSolution
		Debug|Any CPU = Debug|Any CPU
		Release|Any CPU = Release|Any CPU
	EndGlobalSection
	GlobalSection(ProjectConfigurationPlatforms) = postSolution
		{D510881D-7B88-45EB-B3EC-69D299263FFC}.Debug|Any CPU.ActiveCfg = Debug|Any CPU
		{D510881D-7B88-45EB-B3EC-69D299263FFC}.Debug|Any CPU.Build.0 = Debug|Any CPU
		{D510881D-7B88-45EB-B3EC-69D299263FFC}.Release|Any CPU.ActiveCfg = Release|Any CPU
		{D510881D-7B88-45EB-B3EC-69D299263FFC}.Release|Any CPU.Build.0 = Release|Any CPU
		{45FBD3D2-E153-4DF6-A37C-1589C21E9C68}.Debug|Any CPU.ActiveCfg = Debug|Any CPU
		{45FBD3D2-E153-4DF6-A37C-1589C21E9C68}.Debug|Any CPU.Build.0 = Debug|Any CPU
		{45FBD3D2-E153-4DF6-A37C-1589C21E9C68}.Release|Any CPU.ActiveCfg = Release|Any CPU
		{45FBD3D2-E153-4DF6-A37C-1589C21E9C68}.Release|Any CPU.Build.0 = Release|Any CPU
		{3E53C1B7-E593-4894-903E-7561C6EE94B5}.Debug|Any CPU.ActiveCfg = Debug|Any CPU
		{3E53C1B7-E593-4894-903E-7561C6EE94B5}.Debug|Any CPU.Build.0 = Debug|Any CPU
		{3E53C1B7-E593-4894-903E-7561C6EE94B5}.Release|Any CPU.ActiveCfg = Release|Any CPU
		{3E53C1B7-E593-4894-903E-7561C6EE94B5}.Release|Any CPU.Build.0 = Release|Any CPU
		{A5EA8D19-DB79-40BD-A60A-002F44133826}.Debug|Any CPU.ActiveCfg = Debug|Any CPU
		{A5EA8D19-DB79-40BD-A60A-002F44133826}.Debug|Any CPU.Build.0 = Debug|Any CPU
		{A5EA8D19-DB79-40BD-A60A-002F44133826}.Release|Any CPU.ActiveCfg = Release|Any CPU
		{A5EA8D19-DB79-40BD-A60A-002F44133826}.Release|Any CPU.Build.0 = Release|Any CPU
		{C445A1B9-BAC7-49F1-AFA3-FBF4C378C57E}.Debug|Any CPU.ActiveCfg = Debug|Any CPU
		{C445A1B9-BAC7-49F1-AFA3-FBF4C378C57E}.Debug|Any CPU.Build.0 = Debug|Any CPU
		{C445A1B9-BAC7-49F1-AFA3-FBF4C378C57E}.Release|Any CPU.ActiveCfg = Release|Any CPU
		{C445A1B9-BAC7-49F1-AFA3-FBF4C378C57E}.Release|Any CPU.Build.0 = Release|Any CPU
	EndGlobalSection
	GlobalSection(SolutionProperties) = preSolution
		HideSolutionNode = FALSE
	EndGlobalSection
	GlobalSection(ExtensibilityGlobals) = postSolution
		SolutionGuid = {612F3753-C423-4057-8074-B7B8951C7AD6}
	EndGlobalSection
EndGlobal
