
Microsoft Visual Studio Solution File, Format Version 12.00
# Visual Studio Version 16
VisualStudioVersion = 16.0.31911.196
MinimumVisualStudioVersion = 10.0.40219.1
Project("{FAE04EC0-301F-11D3-BF4B-00C04F79EFBC}") = "task01_Activation Keys", "task01_Activation Keys\task01_Activation Keys.csproj", "{73C17320-AE2A-491A-B4B1-91BE2EE32A5A}"
EndProject
Project("{FAE04EC0-301F-11D3-BF4B-00C04F79EFBC}") = "task02_Emoji Detector", "task02_Emoji Detector\task02_Emoji Detector.csproj", "{8D11BEDE-4C90-4398-A1D2-A90D0ED4B53C}"
EndProject
Project("{FAE04EC0-301F-11D3-BF4B-00C04F79EFBC}") = "task03_P!rates", "task03_P!rates\task03_P!rates.csproj", "{2CE9A350-3794-4494-99CE-B60CA3D764CB}"
EndProject
Global
	GlobalSection(SolutionConfigurationPlatforms) = preSolution
		Debug|Any CPU = Debug|Any CPU
		Release|Any CPU = Release|Any CPU
	EndGlobalSection
	GlobalSection(ProjectConfigurationPlatforms) = postSolution
		{73C17320-AE2A-491A-B4B1-91BE2EE32A5A}.Debug|Any CPU.ActiveCfg = Debug|Any CPU
		{73C17320-AE2A-491A-B4B1-91BE2EE32A5A}.Debug|Any CPU.Build.0 = Debug|Any CPU
		{73C17320-AE2A-491A-B4B1-91BE2EE32A5A}.Release|Any CPU.ActiveCfg = Release|Any CPU
		{73C17320-AE2A-491A-B4B1-91BE2EE32A5A}.Release|Any CPU.Build.0 = Release|Any CPU
		{8D11BEDE-4C90-4398-A1D2-A90D0ED4B53C}.Debug|Any CPU.ActiveCfg = Debug|Any CPU
		{8D11BEDE-4C90-4398-A1D2-A90D0ED4B53C}.Debug|Any CPU.Build.0 = Debug|Any CPU
		{8D11BEDE-4C90-4398-A1D2-A90D0ED4B53C}.Release|Any CPU.ActiveCfg = Release|Any CPU
		{8D11BEDE-4C90-4398-A1D2-A90D0ED4B53C}.Release|Any CPU.Build.0 = Release|Any CPU
		{2CE9A350-3794-4494-99CE-B60CA3D764CB}.Debug|Any CPU.ActiveCfg = Debug|Any CPU
		{2CE9A350-3794-4494-99CE-B60CA3D764CB}.Debug|Any CPU.Build.0 = Debug|Any CPU
		{2CE9A350-3794-4494-99CE-B60CA3D764CB}.Release|Any CPU.ActiveCfg = Release|Any CPU
		{2CE9A350-3794-4494-99CE-B60CA3D764CB}.Release|Any CPU.Build.0 = Release|Any CPU
	EndGlobalSection
	GlobalSection(SolutionProperties) = preSolution
		HideSolutionNode = FALSE
	EndGlobalSection
	GlobalSection(ExtensibilityGlobals) = postSolution
		SolutionGuid = {AEB55511-9563-4385-9180-2ADAB4AD08E6}
	EndGlobalSection
EndGlobal
