
Microsoft Visual Studio Solution File, Format Version 12.00
# Visual Studio Version 16
VisualStudioVersion = 16.0.31911.196
MinimumVisualStudioVersion = 10.0.40219.1
Project("{9A19103F-16F7-4668-BE54-9A1E7A4F7556}") = "task01_Basic Stack Operations", "task01_Basic Stack Operations\task01_Basic Stack Operations.csproj", "{7F200ED8-2271-431D-9E3E-30D28CE0C9DE}"
EndProject
Project("{9A19103F-16F7-4668-BE54-9A1E7A4F7556}") = "task02_Basic Queue Operations", "task02_Basic Queue Operations\task02_Basic Queue Operations.csproj", "{9DE9821E-7788-484C-9B73-16C3CF7E8170}"
EndProject
Project("{9A19103F-16F7-4668-BE54-9A1E7A4F7556}") = "task03_Maximum and Minimum Element", "task03_Maximum and Minimum Element\task03_Maximum and Minimum Element.csproj", "{79B7AAB5-7199-45D1-9FC0-63B581B376E9}"
EndProject
Project("{9A19103F-16F7-4668-BE54-9A1E7A4F7556}") = "task04_Fast Food", "task04_Fast Food\task04_Fast Food.csproj", "{3DE8F1B0-C247-4364-A4CB-021C1A82B20C}"
EndProject
Project("{9A19103F-16F7-4668-BE54-9A1E7A4F7556}") = "task05_Fashion Boutique", "task05_Fashion Boutique\task05_Fashion Boutique.csproj", "{2C0E8115-3971-4D68-9333-DF297BE7190F}"
EndProject
Project("{9A19103F-16F7-4668-BE54-9A1E7A4F7556}") = "task06_Songs Queue", "task06_Songs Queue\task06_Songs Queue.csproj", "{F0E05DDC-0BE0-4920-887A-4148FD9F22AA}"
EndProject
Project("{9A19103F-16F7-4668-BE54-9A1E7A4F7556}") = "task07_Truck Tour", "task07_Truck Tour\task07_Truck Tour.csproj", "{EDF99C8A-A2D7-49D4-9759-9F6A9437E13C}"
EndProject
Project("{9A19103F-16F7-4668-BE54-9A1E7A4F7556}") = "task08_Balanced Parentheses", "task08_Balanced Parentheses\task08_Balanced Parentheses.csproj", "{A66B652B-C4AA-4B54-B39A-1E36F49D15E8}"
EndProject
Project("{9A19103F-16F7-4668-BE54-9A1E7A4F7556}") = "task09_Simple Text Editor", "task09_Simple Text Editor\task09_Simple Text Editor.csproj", "{82D435A9-C46D-4CBF-89D9-C0EC58B97B65}"
EndProject
Project("{FAE04EC0-301F-11D3-BF4B-00C04F79EFBC}") = "task10_Crossroads", "task10_Crossroads\task10_Crossroads.csproj", "{8141BCDF-A337-4E84-86D4-D1C0D8D5D5A9}"
EndProject
Project("{FAE04EC0-301F-11D3-BF4B-00C04F79EFBC}") = "task11_Key Revolver", "task11_Key Revolver\task11_Key Revolver.csproj", "{EF6DCE9E-EE9C-4AA0-80D5-6844F431860E}"
EndProject
Project("{FAE04EC0-301F-11D3-BF4B-00C04F79EFBC}") = "task12_Cups and Bottles", "task12_Cups and Bottles\task12_Cups and Bottles.csproj", "{19AA2B55-BBF8-455A-A93F-ABF3579EAE52}"
EndProject
Global
	GlobalSection(SolutionConfigurationPlatforms) = preSolution
		Debug|Any CPU = Debug|Any CPU
		Release|Any CPU = Release|Any CPU
	EndGlobalSection
	GlobalSection(ProjectConfigurationPlatforms) = postSolution
		{7F200ED8-2271-431D-9E3E-30D28CE0C9DE}.Debug|Any CPU.ActiveCfg = Debug|Any CPU
		{7F200ED8-2271-431D-9E3E-30D28CE0C9DE}.Debug|Any CPU.Build.0 = Debug|Any CPU
		{7F200ED8-2271-431D-9E3E-30D28CE0C9DE}.Release|Any CPU.ActiveCfg = Release|Any CPU
		{7F200ED8-2271-431D-9E3E-30D28CE0C9DE}.Release|Any CPU.Build.0 = Release|Any CPU
		{9DE9821E-7788-484C-9B73-16C3CF7E8170}.Debug|Any CPU.ActiveCfg = Debug|Any CPU
		{9DE9821E-7788-484C-9B73-16C3CF7E8170}.Debug|Any CPU.Build.0 = Debug|Any CPU
		{9DE9821E-7788-484C-9B73-16C3CF7E8170}.Release|Any CPU.ActiveCfg = Release|Any CPU
		{9DE9821E-7788-484C-9B73-16C3CF7E8170}.Release|Any CPU.Build.0 = Release|Any CPU
		{79B7AAB5-7199-45D1-9FC0-63B581B376E9}.Debug|Any CPU.ActiveCfg = Debug|Any CPU
		{79B7AAB5-7199-45D1-9FC0-63B581B376E9}.Debug|Any CPU.Build.0 = Debug|Any CPU
		{79B7AAB5-7199-45D1-9FC0-63B581B376E9}.Release|Any CPU.ActiveCfg = Release|Any CPU
		{79B7AAB5-7199-45D1-9FC0-63B581B376E9}.Release|Any CPU.Build.0 = Release|Any CPU
		{3DE8F1B0-C247-4364-A4CB-021C1A82B20C}.Debug|Any CPU.ActiveCfg = Debug|Any CPU
		{3DE8F1B0-C247-4364-A4CB-021C1A82B20C}.Debug|Any CPU.Build.0 = Debug|Any CPU
		{3DE8F1B0-C247-4364-A4CB-021C1A82B20C}.Release|Any CPU.ActiveCfg = Release|Any CPU
		{3DE8F1B0-C247-4364-A4CB-021C1A82B20C}.Release|Any CPU.Build.0 = Release|Any CPU
		{2C0E8115-3971-4D68-9333-DF297BE7190F}.Debug|Any CPU.ActiveCfg = Debug|Any CPU
		{2C0E8115-3971-4D68-9333-DF297BE7190F}.Debug|Any CPU.Build.0 = Debug|Any CPU
		{2C0E8115-3971-4D68-9333-DF297BE7190F}.Release|Any CPU.ActiveCfg = Release|Any CPU
		{2C0E8115-3971-4D68-9333-DF297BE7190F}.Release|Any CPU.Build.0 = Release|Any CPU
		{F0E05DDC-0BE0-4920-887A-4148FD9F22AA}.Debug|Any CPU.ActiveCfg = Debug|Any CPU
		{F0E05DDC-0BE0-4920-887A-4148FD9F22AA}.Debug|Any CPU.Build.0 = Debug|Any CPU
		{F0E05DDC-0BE0-4920-887A-4148FD9F22AA}.Release|Any CPU.ActiveCfg = Release|Any CPU
		{F0E05DDC-0BE0-4920-887A-4148FD9F22AA}.Release|Any CPU.Build.0 = Release|Any CPU
		{EDF99C8A-A2D7-49D4-9759-9F6A9437E13C}.Debug|Any CPU.ActiveCfg = Debug|Any CPU
		{EDF99C8A-A2D7-49D4-9759-9F6A9437E13C}.Debug|Any CPU.Build.0 = Debug|Any CPU
		{EDF99C8A-A2D7-49D4-9759-9F6A9437E13C}.Release|Any CPU.ActiveCfg = Release|Any CPU
		{EDF99C8A-A2D7-49D4-9759-9F6A9437E13C}.Release|Any CPU.Build.0 = Release|Any CPU
		{A66B652B-C4AA-4B54-B39A-1E36F49D15E8}.Debug|Any CPU.ActiveCfg = Debug|Any CPU
		{A66B652B-C4AA-4B54-B39A-1E36F49D15E8}.Debug|Any CPU.Build.0 = Debug|Any CPU
		{A66B652B-C4AA-4B54-B39A-1E36F49D15E8}.Release|Any CPU.ActiveCfg = Release|Any CPU
		{A66B652B-C4AA-4B54-B39A-1E36F49D15E8}.Release|Any CPU.Build.0 = Release|Any CPU
		{82D435A9-C46D-4CBF-89D9-C0EC58B97B65}.Debug|Any CPU.ActiveCfg = Debug|Any CPU
		{82D435A9-C46D-4CBF-89D9-C0EC58B97B65}.Debug|Any CPU.Build.0 = Debug|Any CPU
		{82D435A9-C46D-4CBF-89D9-C0EC58B97B65}.Release|Any CPU.ActiveCfg = Release|Any CPU
		{82D435A9-C46D-4CBF-89D9-C0EC58B97B65}.Release|Any CPU.Build.0 = Release|Any CPU
		{8141BCDF-A337-4E84-86D4-D1C0D8D5D5A9}.Debug|Any CPU.ActiveCfg = Debug|Any CPU
		{8141BCDF-A337-4E84-86D4-D1C0D8D5D5A9}.Debug|Any CPU.Build.0 = Debug|Any CPU
		{8141BCDF-A337-4E84-86D4-D1C0D8D5D5A9}.Release|Any CPU.ActiveCfg = Release|Any CPU
		{8141BCDF-A337-4E84-86D4-D1C0D8D5D5A9}.Release|Any CPU.Build.0 = Release|Any CPU
		{EF6DCE9E-EE9C-4AA0-80D5-6844F431860E}.Debug|Any CPU.ActiveCfg = Debug|Any CPU
		{EF6DCE9E-EE9C-4AA0-80D5-6844F431860E}.Debug|Any CPU.Build.0 = Debug|Any CPU
		{EF6DCE9E-EE9C-4AA0-80D5-6844F431860E}.Release|Any CPU.ActiveCfg = Release|Any CPU
		{EF6DCE9E-EE9C-4AA0-80D5-6844F431860E}.Release|Any CPU.Build.0 = Release|Any CPU
		{19AA2B55-BBF8-455A-A93F-ABF3579EAE52}.Debug|Any CPU.ActiveCfg = Debug|Any CPU
		{19AA2B55-BBF8-455A-A93F-ABF3579EAE52}.Debug|Any CPU.Build.0 = Debug|Any CPU
		{19AA2B55-BBF8-455A-A93F-ABF3579EAE52}.Release|Any CPU.ActiveCfg = Release|Any CPU
		{19AA2B55-BBF8-455A-A93F-ABF3579EAE52}.Release|Any CPU.Build.0 = Release|Any CPU
	EndGlobalSection
	GlobalSection(SolutionProperties) = preSolution
		HideSolutionNode = FALSE
	EndGlobalSection
	GlobalSection(ExtensibilityGlobals) = postSolution
		SolutionGuid = {BDE1555B-A141-49BA-99B5-A7B5B703EC53}
	EndGlobalSection
EndGlobal
