
Microsoft Visual Studio Solution File, Format Version 12.00
# Visual Studio Version 17
VisualStudioVersion = 17.3.32922.545
MinimumVisualStudioVersion = 10.0.40219.1
Project("{FAE04EC0-301F-11D3-BF4B-00C04F79EFBC}") = "task01_Stealer", "task01_Stealer\task01_Stealer.csproj", "{C5352AC3-1F39-4A1B-96EE-D460933A0E71}"
EndProject
Project("{FAE04EC0-301F-11D3-BF4B-00C04F79EFBC}") = "task02_High Quality Mistakes", "task02_High Quality Mistakes\task02_High Quality Mistakes.csproj", "{84412AC4-B0EC-4389-AA41-539FC3087187}"
EndProject
Project("{FAE04EC0-301F-11D3-BF4B-00C04F79EFBC}") = "task03_Mission Private Impossible", "task03_Mission Private Impossible\task03_Mission Private Impossible.csproj", "{568B424A-B044-4A82-B3AE-748E752200B2}"
EndProject
Global
	GlobalSection(SolutionConfigurationPlatforms) = preSolution
		Debug|Any CPU = Debug|Any CPU
		Release|Any CPU = Release|Any CPU
	EndGlobalSection
	GlobalSection(ProjectConfigurationPlatforms) = postSolution
		{C5352AC3-1F39-4A1B-96EE-D460933A0E71}.Debug|Any CPU.ActiveCfg = Debug|Any CPU
		{C5352AC3-1F39-4A1B-96EE-D460933A0E71}.Debug|Any CPU.Build.0 = Debug|Any CPU
		{C5352AC3-1F39-4A1B-96EE-D460933A0E71}.Release|Any CPU.ActiveCfg = Release|Any CPU
		{C5352AC3-1F39-4A1B-96EE-D460933A0E71}.Release|Any CPU.Build.0 = Release|Any CPU
		{84412AC4-B0EC-4389-AA41-539FC3087187}.Debug|Any CPU.ActiveCfg = Debug|Any CPU
		{84412AC4-B0EC-4389-AA41-539FC3087187}.Debug|Any CPU.Build.0 = Debug|Any CPU
		{84412AC4-B0EC-4389-AA41-539FC3087187}.Release|Any CPU.ActiveCfg = Release|Any CPU
		{84412AC4-B0EC-4389-AA41-539FC3087187}.Release|Any CPU.Build.0 = Release|Any CPU
		{568B424A-B044-4A82-B3AE-748E752200B2}.Debug|Any CPU.ActiveCfg = Debug|Any CPU
		{568B424A-B044-4A82-B3AE-748E752200B2}.Debug|Any CPU.Build.0 = Debug|Any CPU
		{568B424A-B044-4A82-B3AE-748E752200B2}.Release|Any CPU.ActiveCfg = Release|Any CPU
		{568B424A-B044-4A82-B3AE-748E752200B2}.Release|Any CPU.Build.0 = Release|Any CPU
	EndGlobalSection
	GlobalSection(SolutionProperties) = preSolution
		HideSolutionNode = FALSE
	EndGlobalSection
	GlobalSection(ExtensibilityGlobals) = postSolution
		SolutionGuid = {7DDC091B-F63C-486C-855A-DAFC718000AF}
	EndGlobalSection
EndGlobal
