
Microsoft Visual Studio Solution File, Format Version 12.00
# Visual Studio Version 16
VisualStudioVersion = 16.0.31911.196
MinimumVisualStudioVersion = 10.0.40219.1
Project("{9A19103F-16F7-4668-BE54-9A1E7A4F7556}") = "task01", "task01\task01.csproj", "{B68E1FA7-128B-4930-A6F0-71B3523F7D43}"
EndProject
Project("{FAE04EC0-301F-11D3-BF4B-00C04F79EFBC}") = "task02", "task02\task02.csproj", "{8807FC5B-BE3F-4E13-84B9-83A1F031DD5E}"
EndProject
Global
	GlobalSection(SolutionConfigurationPlatforms) = preSolution
		Debug|Any CPU = Debug|Any CPU
		Release|Any CPU = Release|Any CPU
	EndGlobalSection
	GlobalSection(ProjectConfigurationPlatforms) = postSolution
		{B68E1FA7-128B-4930-A6F0-71B3523F7D43}.Debug|Any CPU.ActiveCfg = Debug|Any CPU
		{B68E1FA7-128B-4930-A6F0-71B3523F7D43}.Debug|Any CPU.Build.0 = Debug|Any CPU
		{B68E1FA7-128B-4930-A6F0-71B3523F7D43}.Release|Any CPU.ActiveCfg = Release|Any CPU
		{B68E1FA7-128B-4930-A6F0-71B3523F7D43}.Release|Any CPU.Build.0 = Release|Any CPU
		{8807FC5B-BE3F-4E13-84B9-83A1F031DD5E}.Debug|Any CPU.ActiveCfg = Debug|Any CPU
		{8807FC5B-BE3F-4E13-84B9-83A1F031DD5E}.Debug|Any CPU.Build.0 = Debug|Any CPU
		{8807FC5B-BE3F-4E13-84B9-83A1F031DD5E}.Release|Any CPU.ActiveCfg = Release|Any CPU
		{8807FC5B-BE3F-4E13-84B9-83A1F031DD5E}.Release|Any CPU.Build.0 = Release|Any CPU
	EndGlobalSection
	GlobalSection(SolutionProperties) = preSolution
		HideSolutionNode = FALSE
	EndGlobalSection
	GlobalSection(ExtensibilityGlobals) = postSolution
		SolutionGuid = {15497031-DCE9-4A93-8DD4-938985081955}
	EndGlobalSection
EndGlobal
