
Microsoft Visual Studio Solution File, Format Version 12.00
# Visual Studio Version 17
VisualStudioVersion = 17.4.33103.184
MinimumVisualStudioVersion = 10.0.40219.1
Project("{9A19103F-16F7-4668-BE54-9A1E7A4F7556}") = "02. Database First", "02. Database First\02. Database First.csproj", "{42E168D2-9711-4DE0-AC76-CF14181C2816}"
	ProjectSection(ProjectDependencies) = postProject
		{0EE1B8B6-C452-4D0E-8FE4-5824F45E9A19} = {0EE1B8B6-C452-4D0E-8FE4-5824F45E9A19}
	EndProjectSection
EndProject
Project("{9A19103F-16F7-4668-BE54-9A1E7A4F7556}") = "03.EmployeesFullInformation", "03.EmployeesFullInformation\03.EmployeesFullInformation.csproj", "{0EE1B8B6-C452-4D0E-8FE4-5824F45E9A19}"
EndProject
Project("{9A19103F-16F7-4668-BE54-9A1E7A4F7556}") = "04.EmployeesWithSalaryOver50000", "04.EmployeesWithSalaryOver50000\04.EmployeesWithSalaryOver50000.csproj", "{F9FDA763-D40B-41F3-9344-4588386D2567}"
EndProject
Project("{9A19103F-16F7-4668-BE54-9A1E7A4F7556}") = "05.EmployeesFromResearchAndDevelopment", "05.EmployeesFromResearchAndDevelopment\05.EmployeesFromResearchAndDevelopment.csproj", "{7FD34612-B93D-41E4-BCA2-A5FEDCBF21AF}"
EndProject
Project("{9A19103F-16F7-4668-BE54-9A1E7A4F7556}") = "06.AddingANewAddressAndUpdatingEmployee", "06.AddingANewAddressAndUpdatingEmployee\06.AddingANewAddressAndUpdatingEmployee.csproj", "{46F70511-662B-4E54-BD17-671A931C3587}"
EndProject
Project("{9A19103F-16F7-4668-BE54-9A1E7A4F7556}") = "07.EmployeesAndProjects", "07.EmployeesAndProjects\07.EmployeesAndProjects.csproj", "{0A2E3024-B92B-4125-B08E-139B4D8B246C}"
EndProject
Project("{9A19103F-16F7-4668-BE54-9A1E7A4F7556}") = "08.AddressesByTown", "08.AddressesByTown\08.AddressesByTown.csproj", "{C46768F9-726B-4512-9D86-053141827636}"
EndProject
Project("{9A19103F-16F7-4668-BE54-9A1E7A4F7556}") = "09.Employee147", "09.Employee147\09.Employee147.csproj", "{C1588D38-F705-40AC-84F0-62F01C903814}"
EndProject
Project("{FAE04EC0-301F-11D3-BF4B-00C04F79EFBC}") = "10.DepartmentsWithMoreThan5Employees", "10.DepartmentsWithMoreThan5Employees\10.DepartmentsWithMoreThan5Employees.csproj", "{A715E173-5999-4953-947B-2C72CC559F4D}"
EndProject
Global
	GlobalSection(SolutionConfigurationPlatforms) = preSolution
		Debug|Any CPU = Debug|Any CPU
		Release|Any CPU = Release|Any CPU
	EndGlobalSection
	GlobalSection(ProjectConfigurationPlatforms) = postSolution
		{42E168D2-9711-4DE0-AC76-CF14181C2816}.Debug|Any CPU.ActiveCfg = Debug|Any CPU
		{42E168D2-9711-4DE0-AC76-CF14181C2816}.Debug|Any CPU.Build.0 = Debug|Any CPU
		{42E168D2-9711-4DE0-AC76-CF14181C2816}.Release|Any CPU.ActiveCfg = Release|Any CPU
		{42E168D2-9711-4DE0-AC76-CF14181C2816}.Release|Any CPU.Build.0 = Release|Any CPU
		{0EE1B8B6-C452-4D0E-8FE4-5824F45E9A19}.Debug|Any CPU.ActiveCfg = Debug|Any CPU
		{0EE1B8B6-C452-4D0E-8FE4-5824F45E9A19}.Debug|Any CPU.Build.0 = Debug|Any CPU
		{0EE1B8B6-C452-4D0E-8FE4-5824F45E9A19}.Release|Any CPU.ActiveCfg = Release|Any CPU
		{0EE1B8B6-C452-4D0E-8FE4-5824F45E9A19}.Release|Any CPU.Build.0 = Release|Any CPU
		{F9FDA763-D40B-41F3-9344-4588386D2567}.Debug|Any CPU.ActiveCfg = Debug|Any CPU
		{F9FDA763-D40B-41F3-9344-4588386D2567}.Debug|Any CPU.Build.0 = Debug|Any CPU
		{F9FDA763-D40B-41F3-9344-4588386D2567}.Release|Any CPU.ActiveCfg = Release|Any CPU
		{F9FDA763-D40B-41F3-9344-4588386D2567}.Release|Any CPU.Build.0 = Release|Any CPU
		{7FD34612-B93D-41E4-BCA2-A5FEDCBF21AF}.Debug|Any CPU.ActiveCfg = Debug|Any CPU
		{7FD34612-B93D-41E4-BCA2-A5FEDCBF21AF}.Debug|Any CPU.Build.0 = Debug|Any CPU
		{7FD34612-B93D-41E4-BCA2-A5FEDCBF21AF}.Release|Any CPU.ActiveCfg = Release|Any CPU
		{7FD34612-B93D-41E4-BCA2-A5FEDCBF21AF}.Release|Any CPU.Build.0 = Release|Any CPU
		{46F70511-662B-4E54-BD17-671A931C3587}.Debug|Any CPU.ActiveCfg = Debug|Any CPU
		{46F70511-662B-4E54-BD17-671A931C3587}.Debug|Any CPU.Build.0 = Debug|Any CPU
		{46F70511-662B-4E54-BD17-671A931C3587}.Release|Any CPU.ActiveCfg = Release|Any CPU
		{46F70511-662B-4E54-BD17-671A931C3587}.Release|Any CPU.Build.0 = Release|Any CPU
		{0A2E3024-B92B-4125-B08E-139B4D8B246C}.Debug|Any CPU.ActiveCfg = Debug|Any CPU
		{0A2E3024-B92B-4125-B08E-139B4D8B246C}.Debug|Any CPU.Build.0 = Debug|Any CPU
		{0A2E3024-B92B-4125-B08E-139B4D8B246C}.Release|Any CPU.ActiveCfg = Release|Any CPU
		{0A2E3024-B92B-4125-B08E-139B4D8B246C}.Release|Any CPU.Build.0 = Release|Any CPU
		{C46768F9-726B-4512-9D86-053141827636}.Debug|Any CPU.ActiveCfg = Debug|Any CPU
		{C46768F9-726B-4512-9D86-053141827636}.Debug|Any CPU.Build.0 = Debug|Any CPU
		{C46768F9-726B-4512-9D86-053141827636}.Release|Any CPU.ActiveCfg = Release|Any CPU
		{C46768F9-726B-4512-9D86-053141827636}.Release|Any CPU.Build.0 = Release|Any CPU
		{C1588D38-F705-40AC-84F0-62F01C903814}.Debug|Any CPU.ActiveCfg = Debug|Any CPU
		{C1588D38-F705-40AC-84F0-62F01C903814}.Debug|Any CPU.Build.0 = Debug|Any CPU
		{C1588D38-F705-40AC-84F0-62F01C903814}.Release|Any CPU.ActiveCfg = Release|Any CPU
		{C1588D38-F705-40AC-84F0-62F01C903814}.Release|Any CPU.Build.0 = Release|Any CPU
		{A715E173-5999-4953-947B-2C72CC559F4D}.Debug|Any CPU.ActiveCfg = Debug|Any CPU
		{A715E173-5999-4953-947B-2C72CC559F4D}.Debug|Any CPU.Build.0 = Debug|Any CPU
		{A715E173-5999-4953-947B-2C72CC559F4D}.Release|Any CPU.ActiveCfg = Release|Any CPU
		{A715E173-5999-4953-947B-2C72CC559F4D}.Release|Any CPU.Build.0 = Release|Any CPU
	EndGlobalSection
	GlobalSection(SolutionProperties) = preSolution
		HideSolutionNode = FALSE
	EndGlobalSection
	GlobalSection(ExtensibilityGlobals) = postSolution
		SolutionGuid = {26BBCF1E-A25F-4A69-A3E7-8F3BAED5A3F3}
	EndGlobalSection
EndGlobal
