
Microsoft Visual Studio Solution File, Format Version 12.00
# Visual Studio Version 17
VisualStudioVersion = 17.4.33103.184
MinimumVisualStudioVersion = 10.0.40219.1
Project("{FAE04EC0-301F-11D3-BF4B-00C04F79EFBC}") = "HouseRentingSystem.Web", "HouseRentingSystem.Web\HouseRentingSystem.Web.csproj", "{130A3118-558E-44A8-82DE-47E65F6B9123}"
EndProject
Project("{FAE04EC0-301F-11D3-BF4B-00C04F79EFBC}") = "HouseRentingSystem.Common", "HouseRentingSystem.Common\HouseRentingSystem.Common.csproj", "{E075073B-BDF3-445D-8D7B-D08CEC2FE6C6}"
EndProject
Project("{FAE04EC0-301F-11D3-BF4B-00C04F79EFBC}") = "HouseRentingSystem.Data", "HouseRentingSystem.Data\HouseRentingSystem.Data.csproj", "{053C954C-7495-4E82-9DEC-37AD468F312E}"
EndProject
Project("{FAE04EC0-301F-11D3-BF4B-00C04F79EFBC}") = "HouseRentingSystem.Data.Models", "HouseRentingSystem.Data.Models\HouseRentingSystem.Data.Models.csproj", "{219732C7-2A02-4F16-B3F2-41E08D950F55}"
EndProject
Project("{FAE04EC0-301F-11D3-BF4B-00C04F79EFBC}") = "HouseRentingSystem.Web.ViewModels", "HouseRentingSystem.Web.ViewModels\HouseRentingSystem.Web.ViewModels.csproj", "{50F9E6F1-1272-4012-93E2-9E952B3125BD}"
EndProject
Global
	GlobalSection(SolutionConfigurationPlatforms) = preSolution
		Debug|Any CPU = Debug|Any CPU
		Release|Any CPU = Release|Any CPU
	EndGlobalSection
	GlobalSection(ProjectConfigurationPlatforms) = postSolution
		{130A3118-558E-44A8-82DE-47E65F6B9123}.Debug|Any CPU.ActiveCfg = Debug|Any CPU
		{130A3118-558E-44A8-82DE-47E65F6B9123}.Debug|Any CPU.Build.0 = Debug|Any CPU
		{130A3118-558E-44A8-82DE-47E65F6B9123}.Release|Any CPU.ActiveCfg = Release|Any CPU
		{130A3118-558E-44A8-82DE-47E65F6B9123}.Release|Any CPU.Build.0 = Release|Any CPU
		{E075073B-BDF3-445D-8D7B-D08CEC2FE6C6}.Debug|Any CPU.ActiveCfg = Debug|Any CPU
		{E075073B-BDF3-445D-8D7B-D08CEC2FE6C6}.Debug|Any CPU.Build.0 = Debug|Any CPU
		{E075073B-BDF3-445D-8D7B-D08CEC2FE6C6}.Release|Any CPU.ActiveCfg = Release|Any CPU
		{E075073B-BDF3-445D-8D7B-D08CEC2FE6C6}.Release|Any CPU.Build.0 = Release|Any CPU
		{053C954C-7495-4E82-9DEC-37AD468F312E}.Debug|Any CPU.ActiveCfg = Debug|Any CPU
		{053C954C-7495-4E82-9DEC-37AD468F312E}.Debug|Any CPU.Build.0 = Debug|Any CPU
		{053C954C-7495-4E82-9DEC-37AD468F312E}.Release|Any CPU.ActiveCfg = Release|Any CPU
		{053C954C-7495-4E82-9DEC-37AD468F312E}.Release|Any CPU.Build.0 = Release|Any CPU
		{219732C7-2A02-4F16-B3F2-41E08D950F55}.Debug|Any CPU.ActiveCfg = Debug|Any CPU
		{219732C7-2A02-4F16-B3F2-41E08D950F55}.Debug|Any CPU.Build.0 = Debug|Any CPU
		{219732C7-2A02-4F16-B3F2-41E08D950F55}.Release|Any CPU.ActiveCfg = Release|Any CPU
		{219732C7-2A02-4F16-B3F2-41E08D950F55}.Release|Any CPU.Build.0 = Release|Any CPU
		{50F9E6F1-1272-4012-93E2-9E952B3125BD}.Debug|Any CPU.ActiveCfg = Debug|Any CPU
		{50F9E6F1-1272-4012-93E2-9E952B3125BD}.Debug|Any CPU.Build.0 = Debug|Any CPU
		{50F9E6F1-1272-4012-93E2-9E952B3125BD}.Release|Any CPU.ActiveCfg = Release|Any CPU
		{50F9E6F1-1272-4012-93E2-9E952B3125BD}.Release|Any CPU.Build.0 = Release|Any CPU
	EndGlobalSection
	GlobalSection(SolutionProperties) = preSolution
		HideSolutionNode = FALSE
	EndGlobalSection
	GlobalSection(ExtensibilityGlobals) = postSolution
		SolutionGuid = {28B04406-117B-4416-ACAB-F2671826AC67}
	EndGlobalSection
EndGlobal
