
Microsoft Visual Studio Solution File, Format Version 12.00
# Visual Studio Version 17
VisualStudioVersion = 17.3.32901.215
MinimumVisualStudioVersion = 10.0.40219.1
Project("{9A19103F-16F7-4668-BE54-9A1E7A4F7556}") = "task01_Sum Matrix Elements", "task01_Sum Matrix Elements\task01_Sum Matrix Elements.csproj", "{2320A475-305E-48BE-AEAA-1682CFF12808}"
EndProject
Project("{FAE04EC0-301F-11D3-BF4B-00C04F79EFBC}") = "task02_Sum Matrix Columns", "task02_Sum Matrix Columns\task02_Sum Matrix Columns.csproj", "{69C7362D-D857-496B-8A25-EFA8912BE7B0}"
EndProject
Project("{FAE04EC0-301F-11D3-BF4B-00C04F79EFBC}") = "task03_Primary Diagonal", "task03_Primary Diagonal\task03_Primary Diagonal.csproj", "{4E83A98E-020C-4F6D-89AA-8AA02793153D}"
EndProject
Project("{FAE04EC0-301F-11D3-BF4B-00C04F79EFBC}") = "task04_Symbol in Matrix", "task04_Symbol in Matrix\task04_Symbol in Matrix.csproj", "{D8864330-0314-4B46-B7C2-B7FAC8BB95C6}"
EndProject
Project("{FAE04EC0-301F-11D3-BF4B-00C04F79EFBC}") = "task05_Square With Maximum Sum", "task05_Square With Maximum Sum\task05_Square With Maximum Sum.csproj", "{0492B971-0710-4339-BF3D-E2301EE7F97C}"
EndProject
Global
	GlobalSection(SolutionConfigurationPlatforms) = preSolution
		Debug|Any CPU = Debug|Any CPU
		Release|Any CPU = Release|Any CPU
	EndGlobalSection
	GlobalSection(ProjectConfigurationPlatforms) = postSolution
		{2320A475-305E-48BE-AEAA-1682CFF12808}.Debug|Any CPU.ActiveCfg = Debug|Any CPU
		{2320A475-305E-48BE-AEAA-1682CFF12808}.Debug|Any CPU.Build.0 = Debug|Any CPU
		{2320A475-305E-48BE-AEAA-1682CFF12808}.Release|Any CPU.ActiveCfg = Release|Any CPU
		{2320A475-305E-48BE-AEAA-1682CFF12808}.Release|Any CPU.Build.0 = Release|Any CPU
		{69C7362D-D857-496B-8A25-EFA8912BE7B0}.Debug|Any CPU.ActiveCfg = Debug|Any CPU
		{69C7362D-D857-496B-8A25-EFA8912BE7B0}.Debug|Any CPU.Build.0 = Debug|Any CPU
		{69C7362D-D857-496B-8A25-EFA8912BE7B0}.Release|Any CPU.ActiveCfg = Release|Any CPU
		{69C7362D-D857-496B-8A25-EFA8912BE7B0}.Release|Any CPU.Build.0 = Release|Any CPU
		{4E83A98E-020C-4F6D-89AA-8AA02793153D}.Debug|Any CPU.ActiveCfg = Debug|Any CPU
		{4E83A98E-020C-4F6D-89AA-8AA02793153D}.Debug|Any CPU.Build.0 = Debug|Any CPU
		{4E83A98E-020C-4F6D-89AA-8AA02793153D}.Release|Any CPU.ActiveCfg = Release|Any CPU
		{4E83A98E-020C-4F6D-89AA-8AA02793153D}.Release|Any CPU.Build.0 = Release|Any CPU
		{D8864330-0314-4B46-B7C2-B7FAC8BB95C6}.Debug|Any CPU.ActiveCfg = Debug|Any CPU
		{D8864330-0314-4B46-B7C2-B7FAC8BB95C6}.Debug|Any CPU.Build.0 = Debug|Any CPU
		{D8864330-0314-4B46-B7C2-B7FAC8BB95C6}.Release|Any CPU.ActiveCfg = Release|Any CPU
		{D8864330-0314-4B46-B7C2-B7FAC8BB95C6}.Release|Any CPU.Build.0 = Release|Any CPU
		{0492B971-0710-4339-BF3D-E2301EE7F97C}.Debug|Any CPU.ActiveCfg = Debug|Any CPU
		{0492B971-0710-4339-BF3D-E2301EE7F97C}.Debug|Any CPU.Build.0 = Debug|Any CPU
		{0492B971-0710-4339-BF3D-E2301EE7F97C}.Release|Any CPU.ActiveCfg = Release|Any CPU
		{0492B971-0710-4339-BF3D-E2301EE7F97C}.Release|Any CPU.Build.0 = Release|Any CPU
	EndGlobalSection
	GlobalSection(SolutionProperties) = preSolution
		HideSolutionNode = FALSE
	EndGlobalSection
	GlobalSection(ExtensibilityGlobals) = postSolution
		SolutionGuid = {D4B0A2BE-5F6A-44A3-A8A5-48826C7DF113}
	EndGlobalSection
EndGlobal
