
Microsoft Visual Studio Solution File, Format Version 12.00
# Visual Studio Version 17
VisualStudioVersion = 17.3.32901.215
MinimumVisualStudioVersion = 10.0.40219.1
Project("{9A19103F-16F7-4668-BE54-9A1E7A4F7556}") = "task01_OddLines", "task01_OddLines\task01_OddLines.csproj", "{8673E106-07CD-45F5-BB91-BF741A8EFB74}"
EndProject
Project("{9A19103F-16F7-4668-BE54-9A1E7A4F7556}") = "task02_Line Numbers", "task02_Line Numbers\task02_Line Numbers.csproj", "{CB114EB8-692D-4CFC-B72A-937AA16906B8}"
EndProject
Project("{FAE04EC0-301F-11D3-BF4B-00C04F79EFBC}") = "task03_Word Count", "task03_Word Count\task03_Word Count.csproj", "{C3689CF2-6C2F-4BA1-83F8-87289ADE305C}"
EndProject
Project("{FAE04EC0-301F-11D3-BF4B-00C04F79EFBC}") = "task04_Merge Text Files", "task04_Merge Text Files\task04_Merge Text Files.csproj", "{B00B9CE5-E7C8-44B6-9E68-757EE73E9EA9}"
EndProject
Project("{FAE04EC0-301F-11D3-BF4B-00C04F79EFBC}") = "task05_Extract Special Bytes", "task05_Extract Special Bytes\task05_Extract Special Bytes.csproj", "{C188BC9B-2DAF-4AD6-AFDA-736643797883}"
EndProject
Global
	GlobalSection(SolutionConfigurationPlatforms) = preSolution
		Debug|Any CPU = Debug|Any CPU
		Release|Any CPU = Release|Any CPU
	EndGlobalSection
	GlobalSection(ProjectConfigurationPlatforms) = postSolution
		{8673E106-07CD-45F5-BB91-BF741A8EFB74}.Debug|Any CPU.ActiveCfg = Debug|Any CPU
		{8673E106-07CD-45F5-BB91-BF741A8EFB74}.Debug|Any CPU.Build.0 = Debug|Any CPU
		{8673E106-07CD-45F5-BB91-BF741A8EFB74}.Release|Any CPU.ActiveCfg = Release|Any CPU
		{8673E106-07CD-45F5-BB91-BF741A8EFB74}.Release|Any CPU.Build.0 = Release|Any CPU
		{CB114EB8-692D-4CFC-B72A-937AA16906B8}.Debug|Any CPU.ActiveCfg = Debug|Any CPU
		{CB114EB8-692D-4CFC-B72A-937AA16906B8}.Debug|Any CPU.Build.0 = Debug|Any CPU
		{CB114EB8-692D-4CFC-B72A-937AA16906B8}.Release|Any CPU.ActiveCfg = Release|Any CPU
		{CB114EB8-692D-4CFC-B72A-937AA16906B8}.Release|Any CPU.Build.0 = Release|Any CPU
		{C3689CF2-6C2F-4BA1-83F8-87289ADE305C}.Debug|Any CPU.ActiveCfg = Debug|Any CPU
		{C3689CF2-6C2F-4BA1-83F8-87289ADE305C}.Debug|Any CPU.Build.0 = Debug|Any CPU
		{C3689CF2-6C2F-4BA1-83F8-87289ADE305C}.Release|Any CPU.ActiveCfg = Release|Any CPU
		{C3689CF2-6C2F-4BA1-83F8-87289ADE305C}.Release|Any CPU.Build.0 = Release|Any CPU
		{B00B9CE5-E7C8-44B6-9E68-757EE73E9EA9}.Debug|Any CPU.ActiveCfg = Debug|Any CPU
		{B00B9CE5-E7C8-44B6-9E68-757EE73E9EA9}.Debug|Any CPU.Build.0 = Debug|Any CPU
		{B00B9CE5-E7C8-44B6-9E68-757EE73E9EA9}.Release|Any CPU.ActiveCfg = Release|Any CPU
		{B00B9CE5-E7C8-44B6-9E68-757EE73E9EA9}.Release|Any CPU.Build.0 = Release|Any CPU
		{C188BC9B-2DAF-4AD6-AFDA-736643797883}.Debug|Any CPU.ActiveCfg = Debug|Any CPU
		{C188BC9B-2DAF-4AD6-AFDA-736643797883}.Debug|Any CPU.Build.0 = Debug|Any CPU
		{C188BC9B-2DAF-4AD6-AFDA-736643797883}.Release|Any CPU.ActiveCfg = Release|Any CPU
		{C188BC9B-2DAF-4AD6-AFDA-736643797883}.Release|Any CPU.Build.0 = Release|Any CPU
	EndGlobalSection
	GlobalSection(SolutionProperties) = preSolution
		HideSolutionNode = FALSE
	EndGlobalSection
	GlobalSection(ExtensibilityGlobals) = postSolution
		SolutionGuid = {C05D5F6C-2F0C-430D-A3BD-6793B99F4423}
	EndGlobalSection
EndGlobal
