
Microsoft Visual Studio Solution File, Format Version 12.00
# Visual Studio Version 17
VisualStudioVersion = 17.3.32922.545
MinimumVisualStudioVersion = 10.0.40219.1
Project("{FAE04EC0-301F-11D3-BF4B-00C04F79EFBC}") = "task01_Scheduling", "task01_Scheduling\task01_Scheduling.csproj", "{77448C91-6405-42B4-BBC6-37BA1C8DB226}"
EndProject
Project("{FAE04EC0-301F-11D3-BF4B-00C04F79EFBC}") = "task02_Garden", "task02_Garden\task02_Garden.csproj", "{AB68AE73-732B-4373-BCFC-69A312D04197}"
EndProject
Project("{FAE04EC0-301F-11D3-BF4B-00C04F79EFBC}") = "task03_Classroom", "task03_Classroom\task03_Classroom.csproj", "{6F3C8CF6-73C2-4528-AF0C-365562C112F3}"
EndProject
Global
	GlobalSection(SolutionConfigurationPlatforms) = preSolution
		Debug|Any CPU = Debug|Any CPU
		Release|Any CPU = Release|Any CPU
	EndGlobalSection
	GlobalSection(ProjectConfigurationPlatforms) = postSolution
		{77448C91-6405-42B4-BBC6-37BA1C8DB226}.Debug|Any CPU.ActiveCfg = Debug|Any CPU
		{77448C91-6405-42B4-BBC6-37BA1C8DB226}.Debug|Any CPU.Build.0 = Debug|Any CPU
		{77448C91-6405-42B4-BBC6-37BA1C8DB226}.Release|Any CPU.ActiveCfg = Release|Any CPU
		{77448C91-6405-42B4-BBC6-37BA1C8DB226}.Release|Any CPU.Build.0 = Release|Any CPU
		{AB68AE73-732B-4373-BCFC-69A312D04197}.Debug|Any CPU.ActiveCfg = Debug|Any CPU
		{AB68AE73-732B-4373-BCFC-69A312D04197}.Debug|Any CPU.Build.0 = Debug|Any CPU
		{AB68AE73-732B-4373-BCFC-69A312D04197}.Release|Any CPU.ActiveCfg = Release|Any CPU
		{AB68AE73-732B-4373-BCFC-69A312D04197}.Release|Any CPU.Build.0 = Release|Any CPU
		{6F3C8CF6-73C2-4528-AF0C-365562C112F3}.Debug|Any CPU.ActiveCfg = Debug|Any CPU
		{6F3C8CF6-73C2-4528-AF0C-365562C112F3}.Debug|Any CPU.Build.0 = Debug|Any CPU
		{6F3C8CF6-73C2-4528-AF0C-365562C112F3}.Release|Any CPU.ActiveCfg = Release|Any CPU
		{6F3C8CF6-73C2-4528-AF0C-365562C112F3}.Release|Any CPU.Build.0 = Release|Any CPU
	EndGlobalSection
	GlobalSection(SolutionProperties) = preSolution
		HideSolutionNode = FALSE
	EndGlobalSection
	GlobalSection(ExtensibilityGlobals) = postSolution
		SolutionGuid = {B336D240-FFF9-44B4-8EF9-141499F3F94E}
	EndGlobalSection
EndGlobal
