
Microsoft Visual Studio Solution File, Format Version 12.00
# Visual Studio Version 17
VisualStudioVersion = 17.3.32922.545
MinimumVisualStudioVersion = 10.0.40219.1
Project("{FAE04EC0-301F-11D3-BF4B-00C04F79EFBC}") = "task01_Barista Contest", "task01_Barista Contest\task01_Barista Contest.csproj", "{CED8C4A3-F6F5-45C3-A7A9-FF7E8A2FA15D}"
EndProject
Global
	GlobalSection(SolutionConfigurationPlatforms) = preSolution
		Debug|Any CPU = Debug|Any CPU
		Release|Any CPU = Release|Any CPU
	EndGlobalSection
	GlobalSection(ProjectConfigurationPlatforms) = postSolution
		{CED8C4A3-F6F5-45C3-A7A9-FF7E8A2FA15D}.Debug|Any CPU.ActiveCfg = Debug|Any CPU
		{CED8C4A3-F6F5-45C3-A7A9-FF7E8A2FA15D}.Debug|Any CPU.Build.0 = Debug|Any CPU
		{CED8C4A3-F6F5-45C3-A7A9-FF7E8A2FA15D}.Release|Any CPU.ActiveCfg = Release|Any CPU
		{CED8C4A3-F6F5-45C3-A7A9-FF7E8A2FA15D}.Release|Any CPU.Build.0 = Release|Any CPU
	EndGlobalSection
	GlobalSection(SolutionProperties) = preSolution
		HideSolutionNode = FALSE
	EndGlobalSection
	GlobalSection(ExtensibilityGlobals) = postSolution
		SolutionGuid = {DCB6A97B-071E-46FA-B24E-31FA1B485106}
	EndGlobalSection
EndGlobal
